PODS:
  - ActionSheetPicker-3.0 (2.0.5)
  - Alamofire (3.2.1)
  - CryptoSwift (0.2.3)
  - JVFloatLabeledTextField (1.1.0)
  - M13Checkbox (1.2.0)
  - MBProgressHUD (0.9.2)
  - MFSideMenu (0.5.5)
  - Moya (5.3.0):
    - Moya/Core (= 5.3.0)
  - Moya/Core (5.3.0):
    - Alamofire (~> 3.0)
    - Result (~> 1.0)
  - Realm (0.98.3):
    - Realm/Headers (= 0.98.3)
  - Realm/Headers (0.98.3)
  - RealmSwift (0.98.3):
    - Realm (= 0.98.3)
  - Result (1.0.2)
  - RSDayFlow (1.4.0)
  - SCLAlertView (0.5.1)
  - SwiftValidator (3.0.1)
  - SwiftyJSON (2.3.2)
  - TPKeyboardAvoiding (1.2.11)
  - XLForm (3.1.1)

DEPENDENCIES:
  - ActionSheetPicker-3.0
  - Alamofire (~> 3.0)
  - CryptoSwift
  - JVFloatLabeledTextField
  - M13Checkbox (~> 1.1)
  - MBProgressHUD (~> 0.9)
  - MFSideMenu (~> 0.5)
  - Moya (~> 5.0)
  - RealmSwift (~> 0.98)
  - RSDayFlow
  - SCLAlertView
  - SwiftValidator (= 3.0.1)
  - SwiftyJSON (~> 2.3)
  - TPKeyboardAvoiding (~> 1.2.3)
  - XLForm (~> 3.0)

SPEC CHECKSUMS:
  ActionSheetPicker-3.0: 8312778b6815578e6a86d630fbcf31dc94c534e7
  Alamofire: f11d8624a05f5d39e0c99309b3e600a3ba64298a
  CryptoSwift: b2bf37b8e7cc6d682ef3365cb966bc5ae5174aa5
  JVFloatLabeledTextField: ea4a3d8387ddd43724c472bb2b8ab39b79af05d4
  M13Checkbox: 741b406a1d72415e3e3af9b9b6347ff345ed2f97
  MBProgressHUD: 1569cf7ace17a8bac47aabfbb8580a49690386d1
  MFSideMenu: 268122e6894f2747fc3a2b48578100b232506c60
  Moya: dfd9310f3dfb198927976dad445ead477ca6c2a3
  Realm: c6a7d00221a2d5177810a674aebd40c5e0b70b0f
  RealmSwift: d6ecad6e4c2a645d6ac956c2c7e9efb375f39c31
  Result: dd3dd71af3fa2e262f1a999e14fba2c25ec14f16
  RSDayFlow: 5ed0506f67c19de74078d7ec7d7d4f8ead7b6efb
  SCLAlertView: 3ac39a863d3e10fc165662b1228b03402297aea9
  SwiftValidator: c59223144754045d7691febdc3b3ecc2e73b609c
  SwiftyJSON: 04ccea08915aa0109039157c7974cf0298da292a
  TPKeyboardAvoiding: e5ce146b313de063957bfa75a13f1e9b0ff18ab7
  XLForm: c9ee7e0f859341279bfd894f9589a9d25c23e4df

COCOAPODS: 0.39.0
