PODS:
  - ActionSheetPicker-3.0 (2.0.5)
  - Alamofire (3.2.0)
  - CryptoSwift (0.2.3)
  - JVFloatLabeledTextField (1.0.2)
  - M13Checkbox (1.2.0)
  - MBProgressHUD (0.9.2)
  - MFSideMenu (0.5.5)
  - Moya (5.3.0):
    - Moya/Core (= 5.3.0)
  - Moya/Core (5.3.0):
    - Alamofire (~> 3.0)
    - Result (~> 1.0)
  - Realm (0.98.2):
    - Realm/Headers (= 0.98.2)
  - Realm/Headers (0.98.2)
  - RealmSwift (0.98.2):
    - Realm (= 0.98.2)
  - Result (1.0.2)
  - RSDayFlow (1.3.0)
  - SCLAlertView (0.5.1)
  - SwiftValidator (3.0.1)
  - SwiftyJSON (2.3.2)
  - TPKeyboardAvoiding (1.2.11)
  - XLForm (3.1.1)

DEPENDENCIES:
  - ActionSheetPicker-3.0
  - Alamofire (~> 3.0)
  - CryptoSwift
  - JVFloatLabeledTextField (= 1.0.2)
  - M13Checkbox (~> 1.1)
  - MBProgressHUD (~> 0.9)
  - MFSideMenu (~> 0.5)
  - Moya (~> 5.0)
  - RealmSwift (~> 0.98)
  - RSDayFlow
  - SCLAlertView
  - SwiftValidator (= 3.0.1)
  - SwiftyJSON (~> 2.3)
  - TPKeyboardAvoiding (~> 1.2.3)
  - XLForm (~> 3.0)

SPEC CHECKSUMS:
  ActionSheetPicker-3.0: 8312778b6815578e6a86d630fbcf31dc94c534e7
  Alamofire: 4da478599fccddff361205c8929333d7fe18dceb
  CryptoSwift: b2bf37b8e7cc6d682ef3365cb966bc5ae5174aa5
  JVFloatLabeledTextField: 58a3a32cfb800e5b224f676987e7c13abf50a14d
  M13Checkbox: 741b406a1d72415e3e3af9b9b6347ff345ed2f97
  MBProgressHUD: 1569cf7ace17a8bac47aabfbb8580a49690386d1
  MFSideMenu: 268122e6894f2747fc3a2b48578100b232506c60
  Moya: dfd9310f3dfb198927976dad445ead477ca6c2a3
  Realm: 88a147fe04b8f07191a676b15c779b2b448991de
  RealmSwift: 9907c7415b3e19ef2ab9f89878fc890f03f93aea
  Result: dd3dd71af3fa2e262f1a999e14fba2c25ec14f16
  RSDayFlow: d9dbd8a7f0d57019a482220e5f3ed9d836fdb397
  SCLAlertView: 3ac39a863d3e10fc165662b1228b03402297aea9
  SwiftValidator: c59223144754045d7691febdc3b3ecc2e73b609c
  SwiftyJSON: 04ccea08915aa0109039157c7974cf0298da292a
  TPKeyboardAvoiding: e5ce146b313de063957bfa75a13f1e9b0ff18ab7
  XLForm: c9ee7e0f859341279bfd894f9589a9d25c23e4df

COCOAPODS: 0.39.0
