// !$*UTF8*$!
{
	archiveVersion = 1;
	classes = {
	};
	objectVersion = 46;
	objects = {

/* Begin PBXBuildFile section */
		615690061C0EE47700E7E341 /* CustomPasswordExpiredlTableViewCell.swift in Sources */ = {isa = PBXBuildFile; fileRef = 615690051C0EE47700E7E341 /* CustomPasswordExpiredlTableViewCell.swift */; };
		7E11C0851C47AA2D00C67BD2 /* CommonPassengerDetailViewController.swift in Sources */ = {isa = PBXBuildFile; fileRef = 7E11C0841C47AA2D00C67BD2 /* CommonPassengerDetailViewController.swift */; };
		7E11C0871C47AC9700C67BD2 /* AddPassengerDetailViewController.swift in Sources */ = {isa = PBXBuildFile; fileRef = 7E11C0861C47AC9700C67BD2 /* AddPassengerDetailViewController.swift */; };
		7E11C0891C47AEE300C67BD2 /* EditPassengerDetailViewController.swift in Sources */ = {isa = PBXBuildFile; fileRef = 7E11C0881C47AEE300C67BD2 /* EditPassengerDetailViewController.swift */; };
		7E1275921C1691CC0050B7D3 /* FloatLabeledPickerCell.swift in Sources */ = {isa = PBXBuildFile; fileRef = 7E1275911C1691CC0050B7D3 /* FloatLabeledPickerCell.swift */; };
		7E1275961C1695910050B7D3 /* FloateLabeledDatePickerCell.swift in Sources */ = {isa = PBXBuildFile; fileRef = 7E1275951C1695910050B7D3 /* FloateLabeledDatePickerCell.swift */; };
		7E1F77DD1BF96E6C00F55C46 /* AppDelegate.swift in Sources */ = {isa = PBXBuildFile; fileRef = 7E1F77DC1BF96E6C00F55C46 /* AppDelegate.swift */; };
		7E1F77DF1BF96E6C00F55C46 /* ViewController.swift in Sources */ = {isa = PBXBuildFile; fileRef = 7E1F77DE1BF96E6C00F55C46 /* ViewController.swift */; };
		7E1F77E21BF96E6C00F55C46 /* Main.storyboard in Resources */ = {isa = PBXBuildFile; fileRef = 7E1F77E01BF96E6C00F55C46 /* Main.storyboard */; };
		7E1F77E41BF96E6C00F55C46 /* Assets.xcassets in Resources */ = {isa = PBXBuildFile; fileRef = 7E1F77E31BF96E6C00F55C46 /* Assets.xcassets */; };
		7E1F77E71BF96E6C00F55C46 /* LaunchScreen.storyboard in Resources */ = {isa = PBXBuildFile; fileRef = 7E1F77E51BF96E6C00F55C46 /* LaunchScreen.storyboard */; };
		7E1F77F21BF96E6C00F55C46 /* FireflyMobileAppTests.swift in Sources */ = {isa = PBXBuildFile; fileRef = 7E1F77F11BF96E6C00F55C46 /* FireflyMobileAppTests.swift */; };
		7E1F77FD1BF96E6C00F55C46 /* FireflyMobileAppUITests.swift in Sources */ = {isa = PBXBuildFile; fileRef = 7E1F77FC1BF96E6C00F55C46 /* FireflyMobileAppUITests.swift */; };
		7E1F780C1BF9799900F55C46 /* HomeViewController.swift in Sources */ = {isa = PBXBuildFile; fileRef = 7E1F780B1BF9799900F55C46 /* HomeViewController.swift */; };
		7E1F780E1BF979B300F55C46 /* Home.storyboard in Resources */ = {isa = PBXBuildFile; fileRef = 7E1F780D1BF979B300F55C46 /* Home.storyboard */; };
		7E1F78111BF97DA400F55C46 /* CustomHomeMenuTableViewCell.swift in Sources */ = {isa = PBXBuildFile; fileRef = 7E1F78101BF97DA400F55C46 /* CustomHomeMenuTableViewCell.swift */; };
		7E1F78181BF9AC3800F55C46 /* BaseViewController.swift in Sources */ = {isa = PBXBuildFile; fileRef = 7E1F78171BF9AC3800F55C46 /* BaseViewController.swift */; };
		7E1F781A1BF9B60800F55C46 /* LoginViewController.swift in Sources */ = {isa = PBXBuildFile; fileRef = 7E1F78191BF9B60700F55C46 /* LoginViewController.swift */; };
		7E1F781E1BF9B6AD00F55C46 /* Login.storyboard in Resources */ = {isa = PBXBuildFile; fileRef = 7E1F781D1BF9B6AD00F55C46 /* Login.storyboard */; };
		7E1F78281BF9C50400F55C46 /* Register.storyboard in Resources */ = {isa = PBXBuildFile; fileRef = 7E1F78271BF9C50400F55C46 /* Register.storyboard */; };
		7E1F782A1BF9CD2800F55C46 /* RegisterPersonalInfoViewController.swift in Sources */ = {isa = PBXBuildFile; fileRef = 7E1F78291BF9CD2800F55C46 /* RegisterPersonalInfoViewController.swift */; };
		7E1F78311BF9D6A900F55C46 /* BookFlight.storyboard in Resources */ = {isa = PBXBuildFile; fileRef = 7E1F78301BF9D6A900F55C46 /* BookFlight.storyboard */; };
		7E1F78331BF9D7A200F55C46 /* SearchFlightViewController.swift in Sources */ = {isa = PBXBuildFile; fileRef = 7E1F78321BF9D7A200F55C46 /* SearchFlightViewController.swift */; };
		7E1F78351BF9D81100F55C46 /* CustomSearchFlightTableViewCell.swift in Sources */ = {isa = PBXBuildFile; fileRef = 7E1F78341BF9D81100F55C46 /* CustomSearchFlightTableViewCell.swift */; };
		7E20F90B1BFA02470020AB0C /* FlightDetailViewController.swift in Sources */ = {isa = PBXBuildFile; fileRef = 7E20F90A1BFA02470020AB0C /* FlightDetailViewController.swift */; };
		7E20F90D1BFA02E90020AB0C /* CustomFlightDetailTableViewCell.swift in Sources */ = {isa = PBXBuildFile; fileRef = 7E20F90C1BFA02E90020AB0C /* CustomFlightDetailTableViewCell.swift */; };
		7E20F90F1BFA0A3D0020AB0C /* FlightHeader.xib in Resources */ = {isa = PBXBuildFile; fileRef = 7E20F90E1BFA0A3D0020AB0C /* FlightHeader.xib */; };
		7E20F9111BFA0A760020AB0C /* FlightHeaderView.swift in Sources */ = {isa = PBXBuildFile; fileRef = 7E20F9101BFA0A760020AB0C /* FlightHeaderView.swift */; };
		7E290E851BFEB3D8004E50F3 /* Constant.swift in Sources */ = {isa = PBXBuildFile; fileRef = 7E290E841BFEB3D8004E50F3 /* Constant.swift */; };
		7E367BF91C4397AF00897D7D /* ManageFlightHomeViewController.swift in Sources */ = {isa = PBXBuildFile; fileRef = 7E367BF81C4397AE00897D7D /* ManageFlightHomeViewController.swift */; };
		7E55ADC61BFD837B002FAA84 /* ForgotPasswordView.xib in Resources */ = {isa = PBXBuildFile; fileRef = 7E55ADC51BFD837B002FAA84 /* ForgotPasswordView.xib */; };
		7E55ADCB1BFDC6D9002FAA84 /* WSDLNetworkManager.swift in Sources */ = {isa = PBXBuildFile; fileRef = 7E55ADCA1BFDC6D8002FAA84 /* WSDLNetworkManager.swift */; };
		7E6930F61BFAD8A3004F1719 /* CustomPaymentTableViewCell.swift in Sources */ = {isa = PBXBuildFile; fileRef = 7E6930F51BFAD8A3004F1719 /* CustomPaymentTableViewCell.swift */; };
		7E6930F91BFAFE17004F1719 /* FlightHeaderView.xib in Resources */ = {isa = PBXBuildFile; fileRef = 7E6930F81BFAFE17004F1719 /* FlightHeaderView.xib */; };
		7E6930FD1BFAFEE6004F1719 /* ManageFlight.storyboard in Resources */ = {isa = PBXBuildFile; fileRef = 7E6930FC1BFAFEE6004F1719 /* ManageFlight.storyboard */; };
		7E6931011BFB02A6004F1719 /* CustomManageFlightMenuTableViewCell.swift in Sources */ = {isa = PBXBuildFile; fileRef = 7E6931001BFB02A6004F1719 /* CustomManageFlightMenuTableViewCell.swift */; };
		7E6931091BFB1173004F1719 /* CustomChangeFlightTableViewCell.swift in Sources */ = {isa = PBXBuildFile; fileRef = 7E6931081BFB1173004F1719 /* CustomChangeFlightTableViewCell.swift */; };
		7E69310D1BFB195D004F1719 /* SendItineraryViewController.swift in Sources */ = {isa = PBXBuildFile; fileRef = 7E69310C1BFB195D004F1719 /* SendItineraryViewController.swift */; };
		7E69310F1BFB1BFA004F1719 /* ManageFlightViewController.swift in Sources */ = {isa = PBXBuildFile; fileRef = 7E69310E1BFB1BFA004F1719 /* ManageFlightViewController.swift */; };
		7E6931121BFB1F2C004F1719 /* MobileCheckIn.storyboard in Resources */ = {isa = PBXBuildFile; fileRef = 7E6931111BFB1F2C004F1719 /* MobileCheckIn.storyboard */; };
		7E6931141BFB1F6B004F1719 /* CheckInViewController.swift in Sources */ = {isa = PBXBuildFile; fileRef = 7E6931131BFB1F6B004F1719 /* CheckInViewController.swift */; };
		7E6931161BFB22C6004F1719 /* CheckInDetailViewController.swift in Sources */ = {isa = PBXBuildFile; fileRef = 7E6931151BFB22C6004F1719 /* CheckInDetailViewController.swift */; };
		7E6931181BFB2659004F1719 /* CheckInTermViewController.swift in Sources */ = {isa = PBXBuildFile; fileRef = 7E6931171BFB2659004F1719 /* CheckInTermViewController.swift */; };
		7E69311B1BFB2F0E004F1719 /* BoardingPass.storyboard in Resources */ = {isa = PBXBuildFile; fileRef = 7E69311A1BFB2F0E004F1719 /* BoardingPass.storyboard */; };
		7E69311D1BFB2F38004F1719 /* BoardingPassViewController.swift in Sources */ = {isa = PBXBuildFile; fileRef = 7E69311C1BFB2F38004F1719 /* BoardingPassViewController.swift */; };
		7E6931201BFB3236004F1719 /* SideMenuTableViewController.swift in Sources */ = {isa = PBXBuildFile; fileRef = 7E69311F1BFB3236004F1719 /* SideMenuTableViewController.swift */; };
		7E6931221BFB32FE004F1719 /* SideMenuTableViewCell.swift in Sources */ = {isa = PBXBuildFile; fileRef = 7E6931211BFB32FE004F1719 /* SideMenuTableViewCell.swift */; };
		7E7E45C01BFC3F57002EB3E0 /* BaseXLFormViewController.swift in Sources */ = {isa = PBXBuildFile; fileRef = 7E7E45BF1BFC3F57002EB3E0 /* BaseXLFormViewController.swift */; };
		7E8262081C3CCF280071FAAA /* PaymentWebViewController.swift in Sources */ = {isa = PBXBuildFile; fileRef = 7E8262071C3CCF280071FAAA /* PaymentWebViewController.swift */; };
		7E82620A1C3CD09D0071FAAA /* FlightSummaryViewController.swift in Sources */ = {isa = PBXBuildFile; fileRef = 7E8262091C3CD09D0071FAAA /* FlightSummaryViewController.swift */; };
		7E8491F31C5210E800EBE5B2 /* Geotification.swift in Sources */ = {isa = PBXBuildFile; fileRef = 7E8491F21C5210E800EBE5B2 /* Geotification.swift */; };
		7E8491F51C52136900EBE5B2 /* GeoFenceManager.swift in Sources */ = {isa = PBXBuildFile; fileRef = 7E8491F41C52136900EBE5B2 /* GeoFenceManager.swift */; };
		7E8D81681C350A4100D9A2E1 /* PaymentViewController.swift in Sources */ = {isa = PBXBuildFile; fileRef = 7E8D81671C350A4100D9A2E1 /* PaymentViewController.swift */; };
		7E9438541C56499F002D6792 /* CommonFlightDetailViewController.swift in Sources */ = {isa = PBXBuildFile; fileRef = 7E9438531C56499F002D6792 /* CommonFlightDetailViewController.swift */; };
		7E9438561C564A3E002D6792 /* AddFlightDetailViewController.swift in Sources */ = {isa = PBXBuildFile; fileRef = 7E9438551C564A3E002D6792 /* AddFlightDetailViewController.swift */; };
		7E9438581C564E3F002D6792 /* EditSearchFlightViewController.swift in Sources */ = {isa = PBXBuildFile; fileRef = 7E9438571C564E3F002D6792 /* EditSearchFlightViewController.swift */; };
		7E94385A1C564F24002D6792 /* EditFlightDetailViewController.swift in Sources */ = {isa = PBXBuildFile; fileRef = 7E9438591C564F24002D6792 /* EditFlightDetailViewController.swift */; };
		7E985A081C4DEAAE00EBAFA5 /* CommonSeatSelectionViewController.swift in Sources */ = {isa = PBXBuildFile; fileRef = 7E985A071C4DEAAE00EBAFA5 /* CommonSeatSelectionViewController.swift */; };
		7E985A0A1C4DEDDC00EBAFA5 /* AddSeatSelectionViewController.swift in Sources */ = {isa = PBXBuildFile; fileRef = 7E985A091C4DEDDC00EBAFA5 /* AddSeatSelectionViewController.swift */; };
		7E985A0C1C4DF11900EBAFA5 /* EditSeatSelectionViewController.swift in Sources */ = {isa = PBXBuildFile; fileRef = 7E985A0B1C4DF11900EBAFA5 /* EditSeatSelectionViewController.swift */; };
		7E985A0E1C4E381400EBAFA5 /* CommonPaymentViewController.swift in Sources */ = {isa = PBXBuildFile; fileRef = 7E985A0D1C4E381300EBAFA5 /* CommonPaymentViewController.swift */; };
		7E985A101C4E38D000EBAFA5 /* AddPaymentViewController.swift in Sources */ = {isa = PBXBuildFile; fileRef = 7E985A0F1C4E38D000EBAFA5 /* AddPaymentViewController.swift */; };
		7E985A121C4E3B7600EBAFA5 /* EditPaymentViewController.swift in Sources */ = {isa = PBXBuildFile; fileRef = 7E985A111C4E3B7600EBAFA5 /* EditPaymentViewController.swift */; };
		7E99B8601C2A6B1400239322 /* PaymentSummaryViewController.swift in Sources */ = {isa = PBXBuildFile; fileRef = 7E99B85F1C2A6B1400239322 /* PaymentSummaryViewController.swift */; };
		7E99B8621C2A6C2800239322 /* CustomPaymentSummaryTableViewCell.swift in Sources */ = {isa = PBXBuildFile; fileRef = 7E99B8611C2A6C2800239322 /* CustomPaymentSummaryTableViewCell.swift */; };
		7E9A53831C3B5D21001094F5 /* LoginManager.swift in Sources */ = {isa = PBXBuildFile; fileRef = 7E9A53821C3B5D21001094F5 /* LoginManager.swift */; };
		7E9FBCEA1C5870140023095D /* CustomLoginManageFlightTableViewCell.swift in Sources */ = {isa = PBXBuildFile; fileRef = 7E9FBCE91C5870140023095D /* CustomLoginManageFlightTableViewCell.swift */; };
		7E9FBCEC1C5870750023095D /* LoginManageFlightViewController.swift in Sources */ = {isa = PBXBuildFile; fileRef = 7E9FBCEB1C5870750023095D /* LoginManageFlightViewController.swift */; };
		7EA286351C4774E10004AB9A /* CommonContactDetailViewController.swift in Sources */ = {isa = PBXBuildFile; fileRef = 7EA286341C4774E10004AB9A /* CommonContactDetailViewController.swift */; };
		7EA286371C4776A30004AB9A /* AddContactDetailViewController.swift in Sources */ = {isa = PBXBuildFile; fileRef = 7EA286361C4776A30004AB9A /* AddContactDetailViewController.swift */; };
		7EA286391C4782D80004AB9A /* EditContactDetailViewController.swift in Sources */ = {isa = PBXBuildFile; fileRef = 7EA286381C4782D80004AB9A /* EditContactDetailViewController.swift */; };
		7EA56E931C27A098002AD40C /* CustomSeatSelectionTableViewCell.swift in Sources */ = {isa = PBXBuildFile; fileRef = 7EA56E921C27A098002AD40C /* CustomSeatSelectionTableViewCell.swift */; };
		7EAA98F91C4F2CA300F52FB2 /* BeaconCheckInViewController.swift in Sources */ = {isa = PBXBuildFile; fileRef = 7EAA98F81C4F2CA300F52FB2 /* BeaconCheckInViewController.swift */; };
		7EAA98FB1C4F2CC300F52FB2 /* Beacon.storyboard in Resources */ = {isa = PBXBuildFile; fileRef = 7EAA98FA1C4F2CC300F52FB2 /* Beacon.storyboard */; };
		7EB07AFE1C28F6640061D1C9 /* directionView.xib in Resources */ = {isa = PBXBuildFile; fileRef = 7EB07AFD1C28F6640061D1C9 /* directionView.xib */; };
		7EB07B001C28F8440061D1C9 /* DirectionView.swift in Sources */ = {isa = PBXBuildFile; fileRef = 7EB07AFF1C28F8440061D1C9 /* DirectionView.swift */; };
		7EB5B2B01BFC68D00066D311 /* SectionView.xib in Resources */ = {isa = PBXBuildFile; fileRef = 7EB5B2AF1BFC68D00066D311 /* SectionView.xib */; };
		7EB5B2B21BFC68EE0066D311 /* SectionView.swift in Sources */ = {isa = PBXBuildFile; fileRef = 7EB5B2B11BFC68EE0066D311 /* SectionView.swift */; };
		7EB6F0441C07EB47004A8F24 /* PasswordExpiredViewController.swift in Sources */ = {isa = PBXBuildFile; fileRef = 7EB6F0431C07EB47004A8F24 /* PasswordExpiredViewController.swift */; };
		7EB829E51C0AC2CC00E83320 /* UpdateInformation.storyboard in Resources */ = {isa = PBXBuildFile; fileRef = 7EB829E41C0AC2CC00E83320 /* UpdateInformation.storyboard */; };
		7EB829E71C0AC63D00E83320 /* UpdateInformationViewController.swift in Sources */ = {isa = PBXBuildFile; fileRef = 7EB829E61C0AC63D00E83320 /* UpdateInformationViewController.swift */; };
		7EBBFA021C1011CA00080FFA /* RSDFCustomDatePickerView.swift in Sources */ = {isa = PBXBuildFile; fileRef = 7EBBFA011C1011CA00080FFA /* RSDFCustomDatePickerView.swift */; };
		7EBBFA041C1012E400080FFA /* RSDFCustomDatePickerDaysOfWeekView.swift in Sources */ = {isa = PBXBuildFile; fileRef = 7EBBFA031C1012E400080FFA /* RSDFCustomDatePickerDaysOfWeekView.swift */; };
		7EBBFA061C10132200080FFA /* RSDFCustomDatePickerCollectionView.swift in Sources */ = {isa = PBXBuildFile; fileRef = 7EBBFA051C10132200080FFA /* RSDFCustomDatePickerCollectionView.swift */; };
		7EBBFA091C10134D00080FFA /* RSDFCustomDatePickerCollectionViewLayout.swift in Sources */ = {isa = PBXBuildFile; fileRef = 7EBBFA081C10134D00080FFA /* RSDFCustomDatePickerCollectionViewLayout.swift */; };
		7EBBFA0B1C10138300080FFA /* RSDFCustomDatePickerMonthHeader.swift in Sources */ = {isa = PBXBuildFile; fileRef = 7EBBFA0A1C10138300080FFA /* RSDFCustomDatePickerMonthHeader.swift */; };
		7EBBFA0D1C1013B600080FFA /* RSDFCustomDatePickerDayCell.swift in Sources */ = {isa = PBXBuildFile; fileRef = 7EBBFA0C1C1013B600080FFA /* RSDFCustomDatePickerDayCell.swift */; };
		7EBBFA101C101BC200080FFA /* RSDFDatePickerViewController.swift in Sources */ = {isa = PBXBuildFile; fileRef = 7EBBFA0F1C101BC200080FFA /* RSDFDatePickerViewController.swift */; };
		7EBBFA121C10423700080FFA /* RSDFDatePicker.storyboard in Resources */ = {isa = PBXBuildFile; fileRef = 7EBBFA111C10423700080FFA /* RSDFDatePicker.storyboard */; };
		7EBCD6A41BFAC4200043F28C /* CustomPersonalDetailTableViewCell.swift in Sources */ = {isa = PBXBuildFile; fileRef = 7EBCD6A31BFAC4200043F28C /* CustomPersonalDetailTableViewCell.swift */; };
		7EBCD6A81BFACAF80043F28C /* CustomChooseSeatTableViewCell.swift in Sources */ = {isa = PBXBuildFile; fileRef = 7EBCD6A71BFACAF80043F28C /* CustomChooseSeatTableViewCell.swift */; };
		7EC1DBCD1C15602200677D55 /* PassengerHeader.xib in Resources */ = {isa = PBXBuildFile; fileRef = 7EC1DBCC1C15602200677D55 /* PassengerHeader.xib */; };
		7EC1DBCF1C15616C00677D55 /* PassengerHeaderView.swift in Sources */ = {isa = PBXBuildFile; fileRef = 7EC1DBCE1C15616C00677D55 /* PassengerHeaderView.swift */; };
		7EC1DBD21C158A9E00677D55 /* FloatLabeledTextFieldCell.swift in Sources */ = {isa = PBXBuildFile; fileRef = 7EC1DBD11C158A9E00677D55 /* FloatLabeledTextFieldCell.swift */; };
		7EC3271A1C449CAB001C89B5 /* CoreDataModel.xcdatamodeld in Sources */ = {isa = PBXBuildFile; fileRef = 7EC327181C449CAB001C89B5 /* CoreDataModel.xcdatamodeld */; };
		7EC3272A1C44D914001C89B5 /* Booking+CoreDataProperties.swift in Sources */ = {isa = PBXBuildFile; fileRef = 7EC327281C44D914001C89B5 /* Booking+CoreDataProperties.swift */; };
		7EC3272B1C44D914001C89B5 /* Booking.swift in Sources */ = {isa = PBXBuildFile; fileRef = 7EC327291C44D914001C89B5 /* Booking.swift */; };
		7ECB1B331C437BCE0042456D /* InitialLoadManager.swift in Sources */ = {isa = PBXBuildFile; fileRef = 7ECB1B321C437BCE0042456D /* InitialLoadManager.swift */; };
		7ECB1B361C437E120042456D /* BeaconManager.swift in Sources */ = {isa = PBXBuildFile; fileRef = 7ECB1B351C437E120042456D /* BeaconManager.swift */; };
		7EDBE4CF1C5B650500AB494C /* MapViewController.swift in Sources */ = {isa = PBXBuildFile; fileRef = 7EDBE4CE1C5B650500AB494C /* MapViewController.swift */; };
		9615B07A1C0EA6B9000B522F /* EncryptManager.swift in Sources */ = {isa = PBXBuildFile; fileRef = 9615B0791C0EA6B8000B522F /* EncryptManager.swift */; };
		9615B07C1C1137DD000B522F /* FireflyAPI.swift in Sources */ = {isa = PBXBuildFile; fileRef = 9615B07B1C1137DD000B522F /* FireflyAPI.swift */; };
		D69D4B8A65CD5940FF9528D0 /* Pods_FireflyMobileApp.framework in Frameworks */ = {isa = PBXBuildFile; fileRef = FC1BD77AE0B5708A765053DD /* Pods_FireflyMobileApp.framework */; };
/* End PBXBuildFile section */

/* Begin PBXContainerItemProxy section */
		7E1F77EE1BF96E6C00F55C46 /* PBXContainerItemProxy */ = {
			isa = PBXContainerItemProxy;
			containerPortal = 7E1F77D11BF96E6C00F55C46 /* Project object */;
			proxyType = 1;
			remoteGlobalIDString = 7E1F77D81BF96E6C00F55C46;
			remoteInfo = FireflyMobileApp;
		};
		7E1F77F91BF96E6C00F55C46 /* PBXContainerItemProxy */ = {
			isa = PBXContainerItemProxy;
			containerPortal = 7E1F77D11BF96E6C00F55C46 /* Project object */;
			proxyType = 1;
			remoteGlobalIDString = 7E1F77D81BF96E6C00F55C46;
			remoteInfo = FireflyMobileApp;
		};
/* End PBXContainerItemProxy section */

/* Begin PBXFileReference section */
		0F9AC93C947F773EF563C73C /* Pods-FireflyMobileApp.debug.xcconfig */ = {isa = PBXFileReference; includeInIndex = 1; lastKnownFileType = text.xcconfig; name = "Pods-FireflyMobileApp.debug.xcconfig"; path = "Pods/Target Support Files/Pods-FireflyMobileApp/Pods-FireflyMobileApp.debug.xcconfig"; sourceTree = "<group>"; };
		615690051C0EE47700E7E341 /* CustomPasswordExpiredlTableViewCell.swift */ = {isa = PBXFileReference; fileEncoding = 4; lastKnownFileType = sourcecode.swift; path = CustomPasswordExpiredlTableViewCell.swift; sourceTree = "<group>"; };
		7E11C0841C47AA2D00C67BD2 /* CommonPassengerDetailViewController.swift */ = {isa = PBXFileReference; fileEncoding = 4; lastKnownFileType = sourcecode.swift; path = CommonPassengerDetailViewController.swift; sourceTree = "<group>"; };
		7E11C0861C47AC9700C67BD2 /* AddPassengerDetailViewController.swift */ = {isa = PBXFileReference; fileEncoding = 4; lastKnownFileType = sourcecode.swift; path = AddPassengerDetailViewController.swift; sourceTree = "<group>"; };
		7E11C0881C47AEE300C67BD2 /* EditPassengerDetailViewController.swift */ = {isa = PBXFileReference; fileEncoding = 4; lastKnownFileType = sourcecode.swift; path = EditPassengerDetailViewController.swift; sourceTree = "<group>"; };
		7E1275911C1691CC0050B7D3 /* FloatLabeledPickerCell.swift */ = {isa = PBXFileReference; fileEncoding = 4; lastKnownFileType = sourcecode.swift; path = FloatLabeledPickerCell.swift; sourceTree = "<group>"; };
		7E1275951C1695910050B7D3 /* FloateLabeledDatePickerCell.swift */ = {isa = PBXFileReference; fileEncoding = 4; lastKnownFileType = sourcecode.swift; path = FloateLabeledDatePickerCell.swift; sourceTree = "<group>"; };
		7E1F77D91BF96E6C00F55C46 /* FireflyMobileApp.app */ = {isa = PBXFileReference; explicitFileType = wrapper.application; includeInIndex = 0; path = FireflyMobileApp.app; sourceTree = BUILT_PRODUCTS_DIR; };
		7E1F77DC1BF96E6C00F55C46 /* AppDelegate.swift */ = {isa = PBXFileReference; lastKnownFileType = sourcecode.swift; path = AppDelegate.swift; sourceTree = "<group>"; };
		7E1F77DE1BF96E6C00F55C46 /* ViewController.swift */ = {isa = PBXFileReference; lastKnownFileType = sourcecode.swift; path = ViewController.swift; sourceTree = "<group>"; };
		7E1F77E11BF96E6C00F55C46 /* Base */ = {isa = PBXFileReference; lastKnownFileType = file.storyboard; name = Base; path = Base.lproj/Main.storyboard; sourceTree = "<group>"; };
		7E1F77E31BF96E6C00F55C46 /* Assets.xcassets */ = {isa = PBXFileReference; lastKnownFileType = folder.assetcatalog; path = Assets.xcassets; sourceTree = "<group>"; };
		7E1F77E61BF96E6C00F55C46 /* Base */ = {isa = PBXFileReference; lastKnownFileType = file.storyboard; name = Base; path = Base.lproj/LaunchScreen.storyboard; sourceTree = "<group>"; };
		7E1F77E81BF96E6C00F55C46 /* Info.plist */ = {isa = PBXFileReference; lastKnownFileType = text.plist.xml; path = Info.plist; sourceTree = "<group>"; };
		7E1F77ED1BF96E6C00F55C46 /* FireflyMobileAppTests.xctest */ = {isa = PBXFileReference; explicitFileType = wrapper.cfbundle; includeInIndex = 0; path = FireflyMobileAppTests.xctest; sourceTree = BUILT_PRODUCTS_DIR; };
		7E1F77F11BF96E6C00F55C46 /* FireflyMobileAppTests.swift */ = {isa = PBXFileReference; lastKnownFileType = sourcecode.swift; path = FireflyMobileAppTests.swift; sourceTree = "<group>"; };
		7E1F77F31BF96E6C00F55C46 /* Info.plist */ = {isa = PBXFileReference; lastKnownFileType = text.plist.xml; path = Info.plist; sourceTree = "<group>"; };
		7E1F77F81BF96E6C00F55C46 /* FireflyMobileAppUITests.xctest */ = {isa = PBXFileReference; explicitFileType = wrapper.cfbundle; includeInIndex = 0; path = FireflyMobileAppUITests.xctest; sourceTree = BUILT_PRODUCTS_DIR; };
		7E1F77FC1BF96E6C00F55C46 /* FireflyMobileAppUITests.swift */ = {isa = PBXFileReference; lastKnownFileType = sourcecode.swift; path = FireflyMobileAppUITests.swift; sourceTree = "<group>"; };
		7E1F77FE1BF96E6C00F55C46 /* Info.plist */ = {isa = PBXFileReference; lastKnownFileType = text.plist.xml; path = Info.plist; sourceTree = "<group>"; };
		7E1F780B1BF9799900F55C46 /* HomeViewController.swift */ = {isa = PBXFileReference; fileEncoding = 4; lastKnownFileType = sourcecode.swift; path = HomeViewController.swift; sourceTree = "<group>"; };
		7E1F780D1BF979B300F55C46 /* Home.storyboard */ = {isa = PBXFileReference; fileEncoding = 4; lastKnownFileType = file.storyboard; path = Home.storyboard; sourceTree = "<group>"; };
		7E1F78101BF97DA400F55C46 /* CustomHomeMenuTableViewCell.swift */ = {isa = PBXFileReference; fileEncoding = 4; lastKnownFileType = sourcecode.swift; path = CustomHomeMenuTableViewCell.swift; sourceTree = "<group>"; };
		7E1F78171BF9AC3800F55C46 /* BaseViewController.swift */ = {isa = PBXFileReference; fileEncoding = 4; lastKnownFileType = sourcecode.swift; path = BaseViewController.swift; sourceTree = "<group>"; };
		7E1F78191BF9B60700F55C46 /* LoginViewController.swift */ = {isa = PBXFileReference; fileEncoding = 4; lastKnownFileType = sourcecode.swift; path = LoginViewController.swift; sourceTree = "<group>"; };
		7E1F781D1BF9B6AD00F55C46 /* Login.storyboard */ = {isa = PBXFileReference; fileEncoding = 4; lastKnownFileType = file.storyboard; path = Login.storyboard; sourceTree = "<group>"; };
		7E1F78271BF9C50400F55C46 /* Register.storyboard */ = {isa = PBXFileReference; fileEncoding = 4; lastKnownFileType = file.storyboard; path = Register.storyboard; sourceTree = "<group>"; };
		7E1F78291BF9CD2800F55C46 /* RegisterPersonalInfoViewController.swift */ = {isa = PBXFileReference; fileEncoding = 4; lastKnownFileType = sourcecode.swift; path = RegisterPersonalInfoViewController.swift; sourceTree = "<group>"; };
		7E1F78301BF9D6A900F55C46 /* BookFlight.storyboard */ = {isa = PBXFileReference; fileEncoding = 4; lastKnownFileType = file.storyboard; path = BookFlight.storyboard; sourceTree = "<group>"; };
		7E1F78321BF9D7A200F55C46 /* SearchFlightViewController.swift */ = {isa = PBXFileReference; fileEncoding = 4; lastKnownFileType = sourcecode.swift; path = SearchFlightViewController.swift; sourceTree = "<group>"; };
		7E1F78341BF9D81100F55C46 /* CustomSearchFlightTableViewCell.swift */ = {isa = PBXFileReference; fileEncoding = 4; lastKnownFileType = sourcecode.swift; path = CustomSearchFlightTableViewCell.swift; sourceTree = "<group>"; };
		7E20F90A1BFA02470020AB0C /* FlightDetailViewController.swift */ = {isa = PBXFileReference; fileEncoding = 4; lastKnownFileType = sourcecode.swift; path = FlightDetailViewController.swift; sourceTree = "<group>"; };
		7E20F90C1BFA02E90020AB0C /* CustomFlightDetailTableViewCell.swift */ = {isa = PBXFileReference; fileEncoding = 4; lastKnownFileType = sourcecode.swift; path = CustomFlightDetailTableViewCell.swift; sourceTree = "<group>"; };
		7E20F90E1BFA0A3D0020AB0C /* FlightHeader.xib */ = {isa = PBXFileReference; fileEncoding = 4; lastKnownFileType = file.xib; path = FlightHeader.xib; sourceTree = "<group>"; };
		7E20F9101BFA0A760020AB0C /* FlightHeaderView.swift */ = {isa = PBXFileReference; fileEncoding = 4; lastKnownFileType = sourcecode.swift; path = FlightHeaderView.swift; sourceTree = "<group>"; };
		7E290E841BFEB3D8004E50F3 /* Constant.swift */ = {isa = PBXFileReference; fileEncoding = 4; lastKnownFileType = sourcecode.swift; path = Constant.swift; sourceTree = "<group>"; };
		7E367BF81C4397AE00897D7D /* ManageFlightHomeViewController.swift */ = {isa = PBXFileReference; fileEncoding = 4; lastKnownFileType = sourcecode.swift; path = ManageFlightHomeViewController.swift; sourceTree = "<group>"; };
		7E55ADC51BFD837B002FAA84 /* ForgotPasswordView.xib */ = {isa = PBXFileReference; fileEncoding = 4; lastKnownFileType = file.xib; path = ForgotPasswordView.xib; sourceTree = "<group>"; };
		7E55ADCA1BFDC6D8002FAA84 /* WSDLNetworkManager.swift */ = {isa = PBXFileReference; fileEncoding = 4; lastKnownFileType = sourcecode.swift; path = WSDLNetworkManager.swift; sourceTree = "<group>"; };
		7E6930F51BFAD8A3004F1719 /* CustomPaymentTableViewCell.swift */ = {isa = PBXFileReference; fileEncoding = 4; lastKnownFileType = sourcecode.swift; path = CustomPaymentTableViewCell.swift; sourceTree = "<group>"; };
		7E6930F81BFAFE17004F1719 /* FlightHeaderView.xib */ = {isa = PBXFileReference; fileEncoding = 4; lastKnownFileType = file.xib; path = FlightHeaderView.xib; sourceTree = "<group>"; };
		7E6930FC1BFAFEE6004F1719 /* ManageFlight.storyboard */ = {isa = PBXFileReference; fileEncoding = 4; lastKnownFileType = file.storyboard; path = ManageFlight.storyboard; sourceTree = "<group>"; };
		7E6931001BFB02A6004F1719 /* CustomManageFlightMenuTableViewCell.swift */ = {isa = PBXFileReference; fileEncoding = 4; lastKnownFileType = sourcecode.swift; path = CustomManageFlightMenuTableViewCell.swift; sourceTree = "<group>"; };
		7E6931081BFB1173004F1719 /* CustomChangeFlightTableViewCell.swift */ = {isa = PBXFileReference; fileEncoding = 4; lastKnownFileType = sourcecode.swift; path = CustomChangeFlightTableViewCell.swift; sourceTree = "<group>"; };
		7E69310C1BFB195D004F1719 /* SendItineraryViewController.swift */ = {isa = PBXFileReference; fileEncoding = 4; lastKnownFileType = sourcecode.swift; path = SendItineraryViewController.swift; sourceTree = "<group>"; };
		7E69310E1BFB1BFA004F1719 /* ManageFlightViewController.swift */ = {isa = PBXFileReference; fileEncoding = 4; lastKnownFileType = sourcecode.swift; path = ManageFlightViewController.swift; sourceTree = "<group>"; };
		7E6931111BFB1F2C004F1719 /* MobileCheckIn.storyboard */ = {isa = PBXFileReference; fileEncoding = 4; lastKnownFileType = file.storyboard; path = MobileCheckIn.storyboard; sourceTree = "<group>"; };
		7E6931131BFB1F6B004F1719 /* CheckInViewController.swift */ = {isa = PBXFileReference; fileEncoding = 4; lastKnownFileType = sourcecode.swift; path = CheckInViewController.swift; sourceTree = "<group>"; };
		7E6931151BFB22C6004F1719 /* CheckInDetailViewController.swift */ = {isa = PBXFileReference; fileEncoding = 4; lastKnownFileType = sourcecode.swift; path = CheckInDetailViewController.swift; sourceTree = "<group>"; };
		7E6931171BFB2659004F1719 /* CheckInTermViewController.swift */ = {isa = PBXFileReference; fileEncoding = 4; lastKnownFileType = sourcecode.swift; path = CheckInTermViewController.swift; sourceTree = "<group>"; };
		7E69311A1BFB2F0E004F1719 /* BoardingPass.storyboard */ = {isa = PBXFileReference; fileEncoding = 4; lastKnownFileType = file.storyboard; path = BoardingPass.storyboard; sourceTree = "<group>"; };
		7E69311C1BFB2F38004F1719 /* BoardingPassViewController.swift */ = {isa = PBXFileReference; fileEncoding = 4; lastKnownFileType = sourcecode.swift; path = BoardingPassViewController.swift; sourceTree = "<group>"; };
		7E69311F1BFB3236004F1719 /* SideMenuTableViewController.swift */ = {isa = PBXFileReference; fileEncoding = 4; lastKnownFileType = sourcecode.swift; path = SideMenuTableViewController.swift; sourceTree = "<group>"; };
		7E6931211BFB32FE004F1719 /* SideMenuTableViewCell.swift */ = {isa = PBXFileReference; fileEncoding = 4; lastKnownFileType = sourcecode.swift; path = SideMenuTableViewCell.swift; sourceTree = "<group>"; };
		7E7E45BE1BFC25E6002EB3E0 /* ObjC-Header.h */ = {isa = PBXFileReference; lastKnownFileType = sourcecode.c.h; path = "ObjC-Header.h"; sourceTree = "<group>"; };
		7E7E45BF1BFC3F57002EB3E0 /* BaseXLFormViewController.swift */ = {isa = PBXFileReference; fileEncoding = 4; lastKnownFileType = sourcecode.swift; path = BaseXLFormViewController.swift; sourceTree = "<group>"; };
		7E8262071C3CCF280071FAAA /* PaymentWebViewController.swift */ = {isa = PBXFileReference; fileEncoding = 4; lastKnownFileType = sourcecode.swift; path = PaymentWebViewController.swift; sourceTree = "<group>"; };
		7E8262091C3CD09D0071FAAA /* FlightSummaryViewController.swift */ = {isa = PBXFileReference; fileEncoding = 4; lastKnownFileType = sourcecode.swift; path = FlightSummaryViewController.swift; sourceTree = "<group>"; };
		7E8491F21C5210E800EBE5B2 /* Geotification.swift */ = {isa = PBXFileReference; fileEncoding = 4; lastKnownFileType = sourcecode.swift; path = Geotification.swift; sourceTree = "<group>"; };
		7E8491F41C52136900EBE5B2 /* GeoFenceManager.swift */ = {isa = PBXFileReference; fileEncoding = 4; lastKnownFileType = sourcecode.swift; path = GeoFenceManager.swift; sourceTree = "<group>"; };
		7E8D81671C350A4100D9A2E1 /* PaymentViewController.swift */ = {isa = PBXFileReference; fileEncoding = 4; lastKnownFileType = sourcecode.swift; path = PaymentViewController.swift; sourceTree = "<group>"; };
		7E9438531C56499F002D6792 /* CommonFlightDetailViewController.swift */ = {isa = PBXFileReference; fileEncoding = 4; lastKnownFileType = sourcecode.swift; path = CommonFlightDetailViewController.swift; sourceTree = "<group>"; };
		7E9438551C564A3E002D6792 /* AddFlightDetailViewController.swift */ = {isa = PBXFileReference; fileEncoding = 4; lastKnownFileType = sourcecode.swift; path = AddFlightDetailViewController.swift; sourceTree = "<group>"; };
		7E9438571C564E3F002D6792 /* EditSearchFlightViewController.swift */ = {isa = PBXFileReference; fileEncoding = 4; lastKnownFileType = sourcecode.swift; path = EditSearchFlightViewController.swift; sourceTree = "<group>"; };
		7E9438591C564F24002D6792 /* EditFlightDetailViewController.swift */ = {isa = PBXFileReference; fileEncoding = 4; lastKnownFileType = sourcecode.swift; path = EditFlightDetailViewController.swift; sourceTree = "<group>"; };
		7E985A071C4DEAAE00EBAFA5 /* CommonSeatSelectionViewController.swift */ = {isa = PBXFileReference; fileEncoding = 4; lastKnownFileType = sourcecode.swift; path = CommonSeatSelectionViewController.swift; sourceTree = "<group>"; };
		7E985A091C4DEDDC00EBAFA5 /* AddSeatSelectionViewController.swift */ = {isa = PBXFileReference; fileEncoding = 4; lastKnownFileType = sourcecode.swift; path = AddSeatSelectionViewController.swift; sourceTree = "<group>"; };
		7E985A0B1C4DF11900EBAFA5 /* EditSeatSelectionViewController.swift */ = {isa = PBXFileReference; fileEncoding = 4; lastKnownFileType = sourcecode.swift; path = EditSeatSelectionViewController.swift; sourceTree = "<group>"; };
		7E985A0D1C4E381300EBAFA5 /* CommonPaymentViewController.swift */ = {isa = PBXFileReference; fileEncoding = 4; lastKnownFileType = sourcecode.swift; path = CommonPaymentViewController.swift; sourceTree = "<group>"; };
		7E985A0F1C4E38D000EBAFA5 /* AddPaymentViewController.swift */ = {isa = PBXFileReference; fileEncoding = 4; lastKnownFileType = sourcecode.swift; path = AddPaymentViewController.swift; sourceTree = "<group>"; };
		7E985A111C4E3B7600EBAFA5 /* EditPaymentViewController.swift */ = {isa = PBXFileReference; fileEncoding = 4; lastKnownFileType = sourcecode.swift; path = EditPaymentViewController.swift; sourceTree = "<group>"; };
		7E99B85F1C2A6B1400239322 /* PaymentSummaryViewController.swift */ = {isa = PBXFileReference; fileEncoding = 4; lastKnownFileType = sourcecode.swift; path = PaymentSummaryViewController.swift; sourceTree = "<group>"; };
		7E99B8611C2A6C2800239322 /* CustomPaymentSummaryTableViewCell.swift */ = {isa = PBXFileReference; fileEncoding = 4; lastKnownFileType = sourcecode.swift; path = CustomPaymentSummaryTableViewCell.swift; sourceTree = "<group>"; };
		7E9A53821C3B5D21001094F5 /* LoginManager.swift */ = {isa = PBXFileReference; fileEncoding = 4; lastKnownFileType = sourcecode.swift; path = LoginManager.swift; sourceTree = "<group>"; };
		7E9FBCE91C5870140023095D /* CustomLoginManageFlightTableViewCell.swift */ = {isa = PBXFileReference; fileEncoding = 4; lastKnownFileType = sourcecode.swift; path = CustomLoginManageFlightTableViewCell.swift; sourceTree = "<group>"; };
		7E9FBCEB1C5870750023095D /* LoginManageFlightViewController.swift */ = {isa = PBXFileReference; fileEncoding = 4; lastKnownFileType = sourcecode.swift; path = LoginManageFlightViewController.swift; sourceTree = "<group>"; };
		7E9FBCEF1C58B8BC0023095D /* BluetoothManager.h */ = {isa = PBXFileReference; lastKnownFileType = sourcecode.c.h; path = BluetoothManager.h; sourceTree = "<group>"; };
		7E9FBCF01C58B91C0023095D /* CDStructures.h */ = {isa = PBXFileReference; lastKnownFileType = sourcecode.c.h; path = CDStructures.h; sourceTree = "<group>"; };
		7EA286341C4774E10004AB9A /* CommonContactDetailViewController.swift */ = {isa = PBXFileReference; fileEncoding = 4; lastKnownFileType = sourcecode.swift; path = CommonContactDetailViewController.swift; sourceTree = "<group>"; };
		7EA286361C4776A30004AB9A /* AddContactDetailViewController.swift */ = {isa = PBXFileReference; fileEncoding = 4; lastKnownFileType = sourcecode.swift; path = AddContactDetailViewController.swift; sourceTree = "<group>"; };
		7EA286381C4782D80004AB9A /* EditContactDetailViewController.swift */ = {isa = PBXFileReference; fileEncoding = 4; lastKnownFileType = sourcecode.swift; path = EditContactDetailViewController.swift; sourceTree = "<group>"; };
		7EA56E921C27A098002AD40C /* CustomSeatSelectionTableViewCell.swift */ = {isa = PBXFileReference; fileEncoding = 4; lastKnownFileType = sourcecode.swift; path = CustomSeatSelectionTableViewCell.swift; sourceTree = "<group>"; };
		7EAA98F81C4F2CA300F52FB2 /* BeaconCheckInViewController.swift */ = {isa = PBXFileReference; fileEncoding = 4; lastKnownFileType = sourcecode.swift; path = BeaconCheckInViewController.swift; sourceTree = "<group>"; };
		7EAA98FA1C4F2CC300F52FB2 /* Beacon.storyboard */ = {isa = PBXFileReference; fileEncoding = 4; lastKnownFileType = file.storyboard; path = Beacon.storyboard; sourceTree = "<group>"; };
		7EB07AFD1C28F6640061D1C9 /* directionView.xib */ = {isa = PBXFileReference; fileEncoding = 4; lastKnownFileType = file.xib; path = directionView.xib; sourceTree = "<group>"; };
		7EB07AFF1C28F8440061D1C9 /* DirectionView.swift */ = {isa = PBXFileReference; fileEncoding = 4; lastKnownFileType = sourcecode.swift; path = DirectionView.swift; sourceTree = "<group>"; };
		7EB5B2AF1BFC68D00066D311 /* SectionView.xib */ = {isa = PBXFileReference; fileEncoding = 4; lastKnownFileType = file.xib; path = SectionView.xib; sourceTree = "<group>"; };
		7EB5B2B11BFC68EE0066D311 /* SectionView.swift */ = {isa = PBXFileReference; fileEncoding = 4; lastKnownFileType = sourcecode.swift; path = SectionView.swift; sourceTree = "<group>"; };
		7EB6F0431C07EB47004A8F24 /* PasswordExpiredViewController.swift */ = {isa = PBXFileReference; fileEncoding = 4; lastKnownFileType = sourcecode.swift; path = PasswordExpiredViewController.swift; sourceTree = "<group>"; };
		7EB829E41C0AC2CC00E83320 /* UpdateInformation.storyboard */ = {isa = PBXFileReference; fileEncoding = 4; lastKnownFileType = file.storyboard; path = UpdateInformation.storyboard; sourceTree = "<group>"; };
		7EB829E61C0AC63D00E83320 /* UpdateInformationViewController.swift */ = {isa = PBXFileReference; fileEncoding = 4; lastKnownFileType = sourcecode.swift; path = UpdateInformationViewController.swift; sourceTree = "<group>"; };
		7EBBFA011C1011CA00080FFA /* RSDFCustomDatePickerView.swift */ = {isa = PBXFileReference; fileEncoding = 4; lastKnownFileType = sourcecode.swift; path = RSDFCustomDatePickerView.swift; sourceTree = "<group>"; };
		7EBBFA031C1012E400080FFA /* RSDFCustomDatePickerDaysOfWeekView.swift */ = {isa = PBXFileReference; fileEncoding = 4; lastKnownFileType = sourcecode.swift; path = RSDFCustomDatePickerDaysOfWeekView.swift; sourceTree = "<group>"; };
		7EBBFA051C10132200080FFA /* RSDFCustomDatePickerCollectionView.swift */ = {isa = PBXFileReference; fileEncoding = 4; lastKnownFileType = sourcecode.swift; path = RSDFCustomDatePickerCollectionView.swift; sourceTree = "<group>"; };
		7EBBFA081C10134D00080FFA /* RSDFCustomDatePickerCollectionViewLayout.swift */ = {isa = PBXFileReference; fileEncoding = 4; lastKnownFileType = sourcecode.swift; path = RSDFCustomDatePickerCollectionViewLayout.swift; sourceTree = "<group>"; };
		7EBBFA0A1C10138300080FFA /* RSDFCustomDatePickerMonthHeader.swift */ = {isa = PBXFileReference; fileEncoding = 4; lastKnownFileType = sourcecode.swift; path = RSDFCustomDatePickerMonthHeader.swift; sourceTree = "<group>"; };
		7EBBFA0C1C1013B600080FFA /* RSDFCustomDatePickerDayCell.swift */ = {isa = PBXFileReference; fileEncoding = 4; lastKnownFileType = sourcecode.swift; path = RSDFCustomDatePickerDayCell.swift; sourceTree = "<group>"; };
		7EBBFA0F1C101BC200080FFA /* RSDFDatePickerViewController.swift */ = {isa = PBXFileReference; fileEncoding = 4; lastKnownFileType = sourcecode.swift; path = RSDFDatePickerViewController.swift; sourceTree = "<group>"; };
		7EBBFA111C10423700080FFA /* RSDFDatePicker.storyboard */ = {isa = PBXFileReference; fileEncoding = 4; lastKnownFileType = file.storyboard; path = RSDFDatePicker.storyboard; sourceTree = "<group>"; };
		7EBCD6A31BFAC4200043F28C /* CustomPersonalDetailTableViewCell.swift */ = {isa = PBXFileReference; fileEncoding = 4; lastKnownFileType = sourcecode.swift; path = CustomPersonalDetailTableViewCell.swift; sourceTree = "<group>"; };
		7EBCD6A71BFACAF80043F28C /* CustomChooseSeatTableViewCell.swift */ = {isa = PBXFileReference; fileEncoding = 4; lastKnownFileType = sourcecode.swift; path = CustomChooseSeatTableViewCell.swift; sourceTree = "<group>"; };
		7EC1DBCC1C15602200677D55 /* PassengerHeader.xib */ = {isa = PBXFileReference; fileEncoding = 4; lastKnownFileType = file.xib; path = PassengerHeader.xib; sourceTree = "<group>"; };
		7EC1DBCE1C15616C00677D55 /* PassengerHeaderView.swift */ = {isa = PBXFileReference; fileEncoding = 4; lastKnownFileType = sourcecode.swift; path = PassengerHeaderView.swift; sourceTree = "<group>"; };
		7EC1DBD11C158A9E00677D55 /* FloatLabeledTextFieldCell.swift */ = {isa = PBXFileReference; fileEncoding = 4; lastKnownFileType = sourcecode.swift; path = FloatLabeledTextFieldCell.swift; sourceTree = "<group>"; };
		7EC327191C449CAB001C89B5 /* CoreDataModel.xcdatamodel */ = {isa = PBXFileReference; lastKnownFileType = wrapper.xcdatamodel; path = CoreDataModel.xcdatamodel; sourceTree = "<group>"; };
		7EC327281C44D914001C89B5 /* Booking+CoreDataProperties.swift */ = {isa = PBXFileReference; fileEncoding = 4; lastKnownFileType = sourcecode.swift; path = "Booking+CoreDataProperties.swift"; sourceTree = "<group>"; };
		7EC327291C44D914001C89B5 /* Booking.swift */ = {isa = PBXFileReference; fileEncoding = 4; lastKnownFileType = sourcecode.swift; path = Booking.swift; sourceTree = "<group>"; };
		7ECB1B321C437BCE0042456D /* InitialLoadManager.swift */ = {isa = PBXFileReference; fileEncoding = 4; lastKnownFileType = sourcecode.swift; path = InitialLoadManager.swift; sourceTree = "<group>"; };
		7ECB1B351C437E120042456D /* BeaconManager.swift */ = {isa = PBXFileReference; fileEncoding = 4; lastKnownFileType = sourcecode.swift; path = BeaconManager.swift; sourceTree = "<group>"; };
		7EDBE4CE1C5B650500AB494C /* MapViewController.swift */ = {isa = PBXFileReference; fileEncoding = 4; lastKnownFileType = sourcecode.swift; path = MapViewController.swift; sourceTree = "<group>"; };
		86B59F03D2AABF55D7291F46 /* Pods-FireflyMobileApp.release.xcconfig */ = {isa = PBXFileReference; includeInIndex = 1; lastKnownFileType = text.xcconfig; name = "Pods-FireflyMobileApp.release.xcconfig"; path = "Pods/Target Support Files/Pods-FireflyMobileApp/Pods-FireflyMobileApp.release.xcconfig"; sourceTree = "<group>"; };
		9615B0791C0EA6B8000B522F /* EncryptManager.swift */ = {isa = PBXFileReference; fileEncoding = 4; lastKnownFileType = sourcecode.swift; path = EncryptManager.swift; sourceTree = "<group>"; };
		9615B07B1C1137DD000B522F /* FireflyAPI.swift */ = {isa = PBXFileReference; fileEncoding = 4; lastKnownFileType = sourcecode.swift; path = FireflyAPI.swift; sourceTree = "<group>"; };
		FC1BD77AE0B5708A765053DD /* Pods_FireflyMobileApp.framework */ = {isa = PBXFileReference; explicitFileType = wrapper.framework; includeInIndex = 0; path = Pods_FireflyMobileApp.framework; sourceTree = BUILT_PRODUCTS_DIR; };
/* End PBXFileReference section */

/* Begin PBXFrameworksBuildPhase section */
		7E1F77D61BF96E6C00F55C46 /* Frameworks */ = {
			isa = PBXFrameworksBuildPhase;
			buildActionMask = 2147483647;
			files = (
				D69D4B8A65CD5940FF9528D0 /* Pods_FireflyMobileApp.framework in Frameworks */,
			);
			runOnlyForDeploymentPostprocessing = 0;
		};
		7E1F77EA1BF96E6C00F55C46 /* Frameworks */ = {
			isa = PBXFrameworksBuildPhase;
			buildActionMask = 2147483647;
			files = (
			);
			runOnlyForDeploymentPostprocessing = 0;
		};
		7E1F77F51BF96E6C00F55C46 /* Frameworks */ = {
			isa = PBXFrameworksBuildPhase;
			buildActionMask = 2147483647;
			files = (
			);
			runOnlyForDeploymentPostprocessing = 0;
		};
/* End PBXFrameworksBuildPhase section */

/* Begin PBXGroup section */
		7E1F77D01BF96E6C00F55C46 = {
			isa = PBXGroup;
			children = (
				7E1F77DB1BF96E6C00F55C46 /* FireflyMobileApp */,
				7E1F77F01BF96E6C00F55C46 /* FireflyMobileAppTests */,
				7E1F77FB1BF96E6C00F55C46 /* FireflyMobileAppUITests */,
				7E1F77DA1BF96E6C00F55C46 /* Products */,
				E08E914327C79DED95EBD2BC /* Pods */,
				96C7660040AB98CB0FD039B9 /* Frameworks */,
			);
			sourceTree = "<group>";
		};
		7E1F77DA1BF96E6C00F55C46 /* Products */ = {
			isa = PBXGroup;
			children = (
				7E1F77D91BF96E6C00F55C46 /* FireflyMobileApp.app */,
				7E1F77ED1BF96E6C00F55C46 /* FireflyMobileAppTests.xctest */,
				7E1F77F81BF96E6C00F55C46 /* FireflyMobileAppUITests.xctest */,
			);
			name = Products;
			sourceTree = "<group>";
		};
		7E1F77DB1BF96E6C00F55C46 /* FireflyMobileApp */ = {
			isa = PBXGroup;
			children = (
				7E8491F11C5210D400EBE5B2 /* Geo Fence */,
				7EAA98F71C4F2C7000F52FB2 /* Beacon */,
				7EC3271B1C44D63B001C89B5 /* CoreData */,
				7EC1DBD01C158A8800677D55 /* FloatLabel */,
				7EBBFA0E1C101B7900080FFA /* DatePicker */,
				7EBBFA001C10115200080FFA /* CustomDatePickerView */,
				7EB829E11C0AC23200E83320 /* Profile */,
				7E55ADC91BFDC6B2002FAA84 /* Helper */,
				7E69311E1BFB31EA004F1719 /* SideMenu */,
				7E6931191BFB2DD6004F1719 /* Boarding Pass */,
				7E1F780A1BF9793100F55C46 /* Home */,
				7E1F78151BF9ABCB00F55C46 /* Login */,
				7E1F78241BF9C1B000F55C46 /* Registration */,
				7EA286331C4774B40004AB9A /* CommonClass */,
				7E985A051C4DE3AD00EBAFA5 /* Header */,
				7E1F782F1BF9D67B00F55C46 /* Book Flight */,
				7E6930F71BFAF994004F1719 /* Manage Flight */,
				7E6931101BFB1F0A004F1719 /* Mobile Check-In */,
				7E1F780F1BF97D6C00F55C46 /* Custom Cell */,
				7E1F78161BF9ABFC00F55C46 /* BaseView */,
				7E1F77DC1BF96E6C00F55C46 /* AppDelegate.swift */,
				7E1F77DE1BF96E6C00F55C46 /* ViewController.swift */,
				7E1F77E01BF96E6C00F55C46 /* Main.storyboard */,
				7E1F77E51BF96E6C00F55C46 /* LaunchScreen.storyboard */,
				7E1F78231BF9BE8C00F55C46 /* Support File */,
			);
			path = FireflyMobileApp;
			sourceTree = "<group>";
		};
		7E1F77F01BF96E6C00F55C46 /* FireflyMobileAppTests */ = {
			isa = PBXGroup;
			children = (
				7E1F77F11BF96E6C00F55C46 /* FireflyMobileAppTests.swift */,
				7E1F77F31BF96E6C00F55C46 /* Info.plist */,
			);
			path = FireflyMobileAppTests;
			sourceTree = "<group>";
		};
		7E1F77FB1BF96E6C00F55C46 /* FireflyMobileAppUITests */ = {
			isa = PBXGroup;
			children = (
				7E1F77FC1BF96E6C00F55C46 /* FireflyMobileAppUITests.swift */,
				7E1F77FE1BF96E6C00F55C46 /* Info.plist */,
			);
			path = FireflyMobileAppUITests;
			sourceTree = "<group>";
		};
		7E1F780A1BF9793100F55C46 /* Home */ = {
			isa = PBXGroup;
			children = (
				7E1F780B1BF9799900F55C46 /* HomeViewController.swift */,
				7E1F780D1BF979B300F55C46 /* Home.storyboard */,
				7EDBE4CE1C5B650500AB494C /* MapViewController.swift */,
			);
			name = Home;
			sourceTree = "<group>";
		};
		7E1F780F1BF97D6C00F55C46 /* Custom Cell */ = {
			isa = PBXGroup;
			children = (
				7E1F78101BF97DA400F55C46 /* CustomHomeMenuTableViewCell.swift */,
				7E1F78341BF9D81100F55C46 /* CustomSearchFlightTableViewCell.swift */,
				7E20F90C1BFA02E90020AB0C /* CustomFlightDetailTableViewCell.swift */,
				7EBCD6A31BFAC4200043F28C /* CustomPersonalDetailTableViewCell.swift */,
				615690051C0EE47700E7E341 /* CustomPasswordExpiredlTableViewCell.swift */,
				7EBCD6A71BFACAF80043F28C /* CustomChooseSeatTableViewCell.swift */,
				7E6930F51BFAD8A3004F1719 /* CustomPaymentTableViewCell.swift */,
				7E6931001BFB02A6004F1719 /* CustomManageFlightMenuTableViewCell.swift */,
				7E6931081BFB1173004F1719 /* CustomChangeFlightTableViewCell.swift */,
				7E6931211BFB32FE004F1719 /* SideMenuTableViewCell.swift */,
				7EA56E921C27A098002AD40C /* CustomSeatSelectionTableViewCell.swift */,
				7E99B8611C2A6C2800239322 /* CustomPaymentSummaryTableViewCell.swift */,
				7E9FBCE91C5870140023095D /* CustomLoginManageFlightTableViewCell.swift */,
			);
			name = "Custom Cell";
			sourceTree = "<group>";
		};
		7E1F78151BF9ABCB00F55C46 /* Login */ = {
			isa = PBXGroup;
			children = (
				7E55ADC51BFD837B002FAA84 /* ForgotPasswordView.xib */,
				7E1F781D1BF9B6AD00F55C46 /* Login.storyboard */,
				7E1F78191BF9B60700F55C46 /* LoginViewController.swift */,
				7EB6F0431C07EB47004A8F24 /* PasswordExpiredViewController.swift */,
			);
			name = Login;
			sourceTree = "<group>";
		};
		7E1F78161BF9ABFC00F55C46 /* BaseView */ = {
			isa = PBXGroup;
			children = (
				7E1F78171BF9AC3800F55C46 /* BaseViewController.swift */,
				7E7E45BF1BFC3F57002EB3E0 /* BaseXLFormViewController.swift */,
			);
			name = BaseView;
			sourceTree = "<group>";
		};
		7E1F78231BF9BE8C00F55C46 /* Support File */ = {
			isa = PBXGroup;
			children = (
				7E9FBCEF1C58B8BC0023095D /* BluetoothManager.h */,
				7E9FBCF01C58B91C0023095D /* CDStructures.h */,
				7E1F77E81BF96E6C00F55C46 /* Info.plist */,
				7E1F77E31BF96E6C00F55C46 /* Assets.xcassets */,
				7E7E45BE1BFC25E6002EB3E0 /* ObjC-Header.h */,
				7E290E841BFEB3D8004E50F3 /* Constant.swift */,
				7EC327181C449CAB001C89B5 /* CoreDataModel.xcdatamodeld */,
			);
			name = "Support File";
			sourceTree = "<group>";
		};
		7E1F78241BF9C1B000F55C46 /* Registration */ = {
			isa = PBXGroup;
			children = (
				7E1F78271BF9C50400F55C46 /* Register.storyboard */,
				7E1F78291BF9CD2800F55C46 /* RegisterPersonalInfoViewController.swift */,
			);
			name = Registration;
			sourceTree = "<group>";
		};
		7E1F782F1BF9D67B00F55C46 /* Book Flight */ = {
			isa = PBXGroup;
			children = (
				7E1F78301BF9D6A900F55C46 /* BookFlight.storyboard */,
				7E1F78321BF9D7A200F55C46 /* SearchFlightViewController.swift */,
				7E20F90A1BFA02470020AB0C /* FlightDetailViewController.swift */,
				7E9438551C564A3E002D6792 /* AddFlightDetailViewController.swift */,
				7E11C0861C47AC9700C67BD2 /* AddPassengerDetailViewController.swift */,
				7EA286361C4776A30004AB9A /* AddContactDetailViewController.swift */,
				7E985A091C4DEDDC00EBAFA5 /* AddSeatSelectionViewController.swift */,
				7E99B85F1C2A6B1400239322 /* PaymentSummaryViewController.swift */,
				7E985A0F1C4E38D000EBAFA5 /* AddPaymentViewController.swift */,
				7E8D81671C350A4100D9A2E1 /* PaymentViewController.swift */,
				7E8262071C3CCF280071FAAA /* PaymentWebViewController.swift */,
				7E8262091C3CD09D0071FAAA /* FlightSummaryViewController.swift */,
			);
			name = "Book Flight";
			sourceTree = "<group>";
		};
		7E55ADC91BFDC6B2002FAA84 /* Helper */ = {
			isa = PBXGroup;
			children = (
				7E55ADCA1BFDC6D8002FAA84 /* WSDLNetworkManager.swift */,
				9615B0791C0EA6B8000B522F /* EncryptManager.swift */,
				9615B07B1C1137DD000B522F /* FireflyAPI.swift */,
				7E9A53821C3B5D21001094F5 /* LoginManager.swift */,
				7ECB1B321C437BCE0042456D /* InitialLoadManager.swift */,
				7ECB1B351C437E120042456D /* BeaconManager.swift */,
				7E8491F41C52136900EBE5B2 /* GeoFenceManager.swift */,
			);
			name = Helper;
			sourceTree = "<group>";
		};
		7E6930F71BFAF994004F1719 /* Manage Flight */ = {
			isa = PBXGroup;
			children = (
				7E6930FC1BFAFEE6004F1719 /* ManageFlight.storyboard */,
				7E9FBCEB1C5870750023095D /* LoginManageFlightViewController.swift */,
				7E69310E1BFB1BFA004F1719 /* ManageFlightViewController.swift */,
				7E367BF81C4397AE00897D7D /* ManageFlightHomeViewController.swift */,
				7EA286381C4782D80004AB9A /* EditContactDetailViewController.swift */,
				7E11C0881C47AEE300C67BD2 /* EditPassengerDetailViewController.swift */,
				7E9438571C564E3F002D6792 /* EditSearchFlightViewController.swift */,
				7E9438591C564F24002D6792 /* EditFlightDetailViewController.swift */,
				7E985A0B1C4DF11900EBAFA5 /* EditSeatSelectionViewController.swift */,
				7E985A111C4E3B7600EBAFA5 /* EditPaymentViewController.swift */,
				7E69310C1BFB195D004F1719 /* SendItineraryViewController.swift */,
			);
			name = "Manage Flight";
			sourceTree = "<group>";
		};
		7E6931101BFB1F0A004F1719 /* Mobile Check-In */ = {
			isa = PBXGroup;
			children = (
				7E6931111BFB1F2C004F1719 /* MobileCheckIn.storyboard */,
				7E6931131BFB1F6B004F1719 /* CheckInViewController.swift */,
				7E6931151BFB22C6004F1719 /* CheckInDetailViewController.swift */,
				7E6931171BFB2659004F1719 /* CheckInTermViewController.swift */,
			);
			name = "Mobile Check-In";
			sourceTree = "<group>";
		};
		7E6931191BFB2DD6004F1719 /* Boarding Pass */ = {
			isa = PBXGroup;
			children = (
				7E69311A1BFB2F0E004F1719 /* BoardingPass.storyboard */,
				7E69311C1BFB2F38004F1719 /* BoardingPassViewController.swift */,
			);
			name = "Boarding Pass";
			sourceTree = "<group>";
		};
		7E69311E1BFB31EA004F1719 /* SideMenu */ = {
			isa = PBXGroup;
			children = (
				7E69311F1BFB3236004F1719 /* SideMenuTableViewController.swift */,
			);
			name = SideMenu;
			sourceTree = "<group>";
		};
		7E8491F11C5210D400EBE5B2 /* Geo Fence */ = {
			isa = PBXGroup;
			children = (
				7E8491F21C5210E800EBE5B2 /* Geotification.swift */,
			);
			name = "Geo Fence";
			sourceTree = "<group>";
		};
		7E985A051C4DE3AD00EBAFA5 /* Header */ = {
			isa = PBXGroup;
			children = (
				7EB5B2AF1BFC68D00066D311 /* SectionView.xib */,
				7EB5B2B11BFC68EE0066D311 /* SectionView.swift */,
				7E6930F81BFAFE17004F1719 /* FlightHeaderView.xib */,
				7EC1DBCC1C15602200677D55 /* PassengerHeader.xib */,
				7EC1DBCE1C15616C00677D55 /* PassengerHeaderView.swift */,
				7EB07AFD1C28F6640061D1C9 /* directionView.xib */,
				7EB07AFF1C28F8440061D1C9 /* DirectionView.swift */,
				7E20F90E1BFA0A3D0020AB0C /* FlightHeader.xib */,
				7E20F9101BFA0A760020AB0C /* FlightHeaderView.swift */,
			);
			name = Header;
			sourceTree = "<group>";
		};
		7EA286331C4774B40004AB9A /* CommonClass */ = {
			isa = PBXGroup;
			children = (
				7EA286341C4774E10004AB9A /* CommonContactDetailViewController.swift */,
				7E11C0841C47AA2D00C67BD2 /* CommonPassengerDetailViewController.swift */,
				7E985A071C4DEAAE00EBAFA5 /* CommonSeatSelectionViewController.swift */,
				7E985A0D1C4E381300EBAFA5 /* CommonPaymentViewController.swift */,
				7E9438531C56499F002D6792 /* CommonFlightDetailViewController.swift */,
			);
			name = CommonClass;
			sourceTree = "<group>";
		};
		7EAA98F71C4F2C7000F52FB2 /* Beacon */ = {
			isa = PBXGroup;
			children = (
				7EAA98F81C4F2CA300F52FB2 /* BeaconCheckInViewController.swift */,
				7EAA98FA1C4F2CC300F52FB2 /* Beacon.storyboard */,
			);
			name = Beacon;
			sourceTree = "<group>";
		};
		7EB829E11C0AC23200E83320 /* Profile */ = {
			isa = PBXGroup;
			children = (
				7EB829E41C0AC2CC00E83320 /* UpdateInformation.storyboard */,
				7EB829E61C0AC63D00E83320 /* UpdateInformationViewController.swift */,
			);
			name = Profile;
			sourceTree = "<group>";
		};
		7EBBFA001C10115200080FFA /* CustomDatePickerView */ = {
			isa = PBXGroup;
			children = (
				7EBBFA011C1011CA00080FFA /* RSDFCustomDatePickerView.swift */,
				7EBBFA031C1012E400080FFA /* RSDFCustomDatePickerDaysOfWeekView.swift */,
				7EBBFA051C10132200080FFA /* RSDFCustomDatePickerCollectionView.swift */,
				7EBBFA081C10134D00080FFA /* RSDFCustomDatePickerCollectionViewLayout.swift */,
				7EBBFA0A1C10138300080FFA /* RSDFCustomDatePickerMonthHeader.swift */,
				7EBBFA0C1C1013B600080FFA /* RSDFCustomDatePickerDayCell.swift */,
			);
			name = CustomDatePickerView;
			sourceTree = "<group>";
		};
		7EBBFA0E1C101B7900080FFA /* DatePicker */ = {
			isa = PBXGroup;
			children = (
				7EBBFA0F1C101BC200080FFA /* RSDFDatePickerViewController.swift */,
				7EBBFA111C10423700080FFA /* RSDFDatePicker.storyboard */,
			);
			name = DatePicker;
			sourceTree = "<group>";
		};
		7EC1DBD01C158A8800677D55 /* FloatLabel */ = {
			isa = PBXGroup;
			children = (
				7EC1DBD11C158A9E00677D55 /* FloatLabeledTextFieldCell.swift */,
				7E1275911C1691CC0050B7D3 /* FloatLabeledPickerCell.swift */,
				7E1275951C1695910050B7D3 /* FloateLabeledDatePickerCell.swift */,
			);
			name = FloatLabel;
			sourceTree = "<group>";
		};
		7EC3271B1C44D63B001C89B5 /* CoreData */ = {
			isa = PBXGroup;
			children = (
				7EC327281C44D914001C89B5 /* Booking+CoreDataProperties.swift */,
				7EC327291C44D914001C89B5 /* Booking.swift */,
			);
			name = CoreData;
			sourceTree = "<group>";
		};
		96C7660040AB98CB0FD039B9 /* Frameworks */ = {
			isa = PBXGroup;
			children = (
				FC1BD77AE0B5708A765053DD /* Pods_FireflyMobileApp.framework */,
			);
			name = Frameworks;
			sourceTree = "<group>";
		};
		E08E914327C79DED95EBD2BC /* Pods */ = {
			isa = PBXGroup;
			children = (
				0F9AC93C947F773EF563C73C /* Pods-FireflyMobileApp.debug.xcconfig */,
				86B59F03D2AABF55D7291F46 /* Pods-FireflyMobileApp.release.xcconfig */,
			);
			name = Pods;
			sourceTree = "<group>";
		};
/* End PBXGroup section */

/* Begin PBXNativeTarget section */
		7E1F77D81BF96E6C00F55C46 /* FireflyMobileApp */ = {
			isa = PBXNativeTarget;
			buildConfigurationList = 7E1F78011BF96E6C00F55C46 /* Build configuration list for PBXNativeTarget "FireflyMobileApp" */;
			buildPhases = (
				C60E0E5E4BAA8FDD5DFE2742 /* Check Pods Manifest.lock */,
				7E1F77D51BF96E6C00F55C46 /* Sources */,
				7E1F77D61BF96E6C00F55C46 /* Frameworks */,
				7E1F77D71BF96E6C00F55C46 /* Resources */,
				82750FE66341D77094B8D405 /* Embed Pods Frameworks */,
				8ADDA6CE72629BC08B8BDAF3 /* Copy Pods Resources */,
			);
			buildRules = (
			);
			dependencies = (
			);
			name = FireflyMobileApp;
			productName = FireflyMobileApp;
			productReference = 7E1F77D91BF96E6C00F55C46 /* FireflyMobileApp.app */;
			productType = "com.apple.product-type.application";
		};
		7E1F77EC1BF96E6C00F55C46 /* FireflyMobileAppTests */ = {
			isa = PBXNativeTarget;
			buildConfigurationList = 7E1F78041BF96E6C00F55C46 /* Build configuration list for PBXNativeTarget "FireflyMobileAppTests" */;
			buildPhases = (
				7E1F77E91BF96E6C00F55C46 /* Sources */,
				7E1F77EA1BF96E6C00F55C46 /* Frameworks */,
				7E1F77EB1BF96E6C00F55C46 /* Resources */,
			);
			buildRules = (
			);
			dependencies = (
				7E1F77EF1BF96E6C00F55C46 /* PBXTargetDependency */,
			);
			name = FireflyMobileAppTests;
			productName = FireflyMobileAppTests;
			productReference = 7E1F77ED1BF96E6C00F55C46 /* FireflyMobileAppTests.xctest */;
			productType = "com.apple.product-type.bundle.unit-test";
		};
		7E1F77F71BF96E6C00F55C46 /* FireflyMobileAppUITests */ = {
			isa = PBXNativeTarget;
			buildConfigurationList = 7E1F78071BF96E6C00F55C46 /* Build configuration list for PBXNativeTarget "FireflyMobileAppUITests" */;
			buildPhases = (
				7E1F77F41BF96E6C00F55C46 /* Sources */,
				7E1F77F51BF96E6C00F55C46 /* Frameworks */,
				7E1F77F61BF96E6C00F55C46 /* Resources */,
			);
			buildRules = (
			);
			dependencies = (
				7E1F77FA1BF96E6C00F55C46 /* PBXTargetDependency */,
			);
			name = FireflyMobileAppUITests;
			productName = FireflyMobileAppUITests;
			productReference = 7E1F77F81BF96E6C00F55C46 /* FireflyMobileAppUITests.xctest */;
			productType = "com.apple.product-type.bundle.ui-testing";
		};
/* End PBXNativeTarget section */

/* Begin PBXProject section */
		7E1F77D11BF96E6C00F55C46 /* Project object */ = {
			isa = PBXProject;
			attributes = {
				LastSwiftUpdateCheck = 0710;
				LastUpgradeCheck = 0710;
				ORGANIZATIONNAME = "Me-tech";
				TargetAttributes = {
					7E1F77D81BF96E6C00F55C46 = {
						CreatedOnToolsVersion = 7.1;
						DevelopmentTeam = 6S847MQDY3;
					};
					7E1F77EC1BF96E6C00F55C46 = {
						CreatedOnToolsVersion = 7.1;
						TestTargetID = 7E1F77D81BF96E6C00F55C46;
					};
					7E1F77F71BF96E6C00F55C46 = {
						CreatedOnToolsVersion = 7.1;
						TestTargetID = 7E1F77D81BF96E6C00F55C46;
					};
				};
			};
			buildConfigurationList = 7E1F77D41BF96E6C00F55C46 /* Build configuration list for PBXProject "FireflyMobileApp" */;
			compatibilityVersion = "Xcode 3.2";
			developmentRegion = English;
			hasScannedForEncodings = 0;
			knownRegions = (
				en,
				Base,
			);
			mainGroup = 7E1F77D01BF96E6C00F55C46;
			productRefGroup = 7E1F77DA1BF96E6C00F55C46 /* Products */;
			projectDirPath = "";
			projectRoot = "";
			targets = (
				7E1F77D81BF96E6C00F55C46 /* FireflyMobileApp */,
				7E1F77EC1BF96E6C00F55C46 /* FireflyMobileAppTests */,
				7E1F77F71BF96E6C00F55C46 /* FireflyMobileAppUITests */,
			);
		};
/* End PBXProject section */

/* Begin PBXResourcesBuildPhase section */
		7E1F77D71BF96E6C00F55C46 /* Resources */ = {
			isa = PBXResourcesBuildPhase;
			buildActionMask = 2147483647;
			files = (
				7EB07AFE1C28F6640061D1C9 /* directionView.xib in Resources */,
				7EB5B2B01BFC68D00066D311 /* SectionView.xib in Resources */,
				7E20F90F1BFA0A3D0020AB0C /* FlightHeader.xib in Resources */,
				7E1F77E71BF96E6C00F55C46 /* LaunchScreen.storyboard in Resources */,
				7E1F77E41BF96E6C00F55C46 /* Assets.xcassets in Resources */,
				7E1F78311BF9D6A900F55C46 /* BookFlight.storyboard in Resources */,
				7E1F77E21BF96E6C00F55C46 /* Main.storyboard in Resources */,
				7E55ADC61BFD837B002FAA84 /* ForgotPasswordView.xib in Resources */,
				7E1F781E1BF9B6AD00F55C46 /* Login.storyboard in Resources */,
				7E1F780E1BF979B300F55C46 /* Home.storyboard in Resources */,
				7EBBFA121C10423700080FFA /* RSDFDatePicker.storyboard in Resources */,
				7E6930F91BFAFE17004F1719 /* FlightHeaderView.xib in Resources */,
				7EAA98FB1C4F2CC300F52FB2 /* Beacon.storyboard in Resources */,
				7E1F78281BF9C50400F55C46 /* Register.storyboard in Resources */,
				7EC1DBCD1C15602200677D55 /* PassengerHeader.xib in Resources */,
				7EB829E51C0AC2CC00E83320 /* UpdateInformation.storyboard in Resources */,
				7E6930FD1BFAFEE6004F1719 /* ManageFlight.storyboard in Resources */,
				7E6931121BFB1F2C004F1719 /* MobileCheckIn.storyboard in Resources */,
				7E69311B1BFB2F0E004F1719 /* BoardingPass.storyboard in Resources */,
			);
			runOnlyForDeploymentPostprocessing = 0;
		};
		7E1F77EB1BF96E6C00F55C46 /* Resources */ = {
			isa = PBXResourcesBuildPhase;
			buildActionMask = 2147483647;
			files = (
			);
			runOnlyForDeploymentPostprocessing = 0;
		};
		7E1F77F61BF96E6C00F55C46 /* Resources */ = {
			isa = PBXResourcesBuildPhase;
			buildActionMask = 2147483647;
			files = (
			);
			runOnlyForDeploymentPostprocessing = 0;
		};
/* End PBXResourcesBuildPhase section */

/* Begin PBXShellScriptBuildPhase section */
		82750FE66341D77094B8D405 /* Embed Pods Frameworks */ = {
			isa = PBXShellScriptBuildPhase;
			buildActionMask = 2147483647;
			files = (
			);
			inputPaths = (
			);
			name = "Embed Pods Frameworks";
			outputPaths = (
			);
			runOnlyForDeploymentPostprocessing = 0;
			shellPath = /bin/sh;
			shellScript = "\"${SRCROOT}/Pods/Target Support Files/Pods-FireflyMobileApp/Pods-FireflyMobileApp-frameworks.sh\"\n";
			showEnvVarsInLog = 0;
		};
		8ADDA6CE72629BC08B8BDAF3 /* Copy Pods Resources */ = {
			isa = PBXShellScriptBuildPhase;
			buildActionMask = 2147483647;
			files = (
			);
			inputPaths = (
			);
			name = "Copy Pods Resources";
			outputPaths = (
			);
			runOnlyForDeploymentPostprocessing = 0;
			shellPath = /bin/sh;
			shellScript = "\"${SRCROOT}/Pods/Target Support Files/Pods-FireflyMobileApp/Pods-FireflyMobileApp-resources.sh\"\n";
			showEnvVarsInLog = 0;
		};
		C60E0E5E4BAA8FDD5DFE2742 /* Check Pods Manifest.lock */ = {
			isa = PBXShellScriptBuildPhase;
			buildActionMask = 2147483647;
			files = (
			);
			inputPaths = (
			);
			name = "Check Pods Manifest.lock";
			outputPaths = (
			);
			runOnlyForDeploymentPostprocessing = 0;
			shellPath = /bin/sh;
			shellScript = "diff \"${PODS_ROOT}/../Podfile.lock\" \"${PODS_ROOT}/Manifest.lock\" > /dev/null\nif [[ $? != 0 ]] ; then\n    cat << EOM\nerror: The sandbox is not in sync with the Podfile.lock. Run 'pod install' or update your CocoaPods installation.\nEOM\n    exit 1\nfi\n";
			showEnvVarsInLog = 0;
		};
/* End PBXShellScriptBuildPhase section */

/* Begin PBXSourcesBuildPhase section */
		7E1F77D51BF96E6C00F55C46 /* Sources */ = {
			isa = PBXSourcesBuildPhase;
			buildActionMask = 2147483647;
			files = (
				7E6930F61BFAD8A3004F1719 /* CustomPaymentTableViewCell.swift in Sources */,
				9615B07A1C0EA6B9000B522F /* EncryptManager.swift in Sources */,
				7EA56E931C27A098002AD40C /* CustomSeatSelectionTableViewCell.swift in Sources */,
				7E8262081C3CCF280071FAAA /* PaymentWebViewController.swift in Sources */,
				7E20F90D1BFA02E90020AB0C /* CustomFlightDetailTableViewCell.swift in Sources */,
				7E985A101C4E38D000EBAFA5 /* AddPaymentViewController.swift in Sources */,
				7E20F90B1BFA02470020AB0C /* FlightDetailViewController.swift in Sources */,
				7E1F781A1BF9B60800F55C46 /* LoginViewController.swift in Sources */,
				7EBBFA0B1C10138300080FFA /* RSDFCustomDatePickerMonthHeader.swift in Sources */,
				7E8D81681C350A4100D9A2E1 /* PaymentViewController.swift in Sources */,
				7EB5B2B21BFC68EE0066D311 /* SectionView.swift in Sources */,
				7EB829E71C0AC63D00E83320 /* UpdateInformationViewController.swift in Sources */,
				7EA286391C4782D80004AB9A /* EditContactDetailViewController.swift in Sources */,
				7E20F9111BFA0A760020AB0C /* FlightHeaderView.swift in Sources */,
				7E8491F51C52136900EBE5B2 /* GeoFenceManager.swift in Sources */,
				7E6931181BFB2659004F1719 /* CheckInTermViewController.swift in Sources */,
				7EBBFA041C1012E400080FFA /* RSDFCustomDatePickerDaysOfWeekView.swift in Sources */,
				7EB6F0441C07EB47004A8F24 /* PasswordExpiredViewController.swift in Sources */,
				7E8491F31C5210E800EBE5B2 /* Geotification.swift in Sources */,
				7E94385A1C564F24002D6792 /* EditFlightDetailViewController.swift in Sources */,
				7E9438541C56499F002D6792 /* CommonFlightDetailViewController.swift in Sources */,
				7E6931161BFB22C6004F1719 /* CheckInDetailViewController.swift in Sources */,
				7EBCD6A41BFAC4200043F28C /* CustomPersonalDetailTableViewCell.swift in Sources */,
				7EC3272A1C44D914001C89B5 /* Booking+CoreDataProperties.swift in Sources */,
				7EA286371C4776A30004AB9A /* AddContactDetailViewController.swift in Sources */,
				7E9A53831C3B5D21001094F5 /* LoginManager.swift in Sources */,
				7E985A0E1C4E381400EBAFA5 /* CommonPaymentViewController.swift in Sources */,
				7E6931201BFB3236004F1719 /* SideMenuTableViewController.swift in Sources */,
				7E1F78181BF9AC3800F55C46 /* BaseViewController.swift in Sources */,
				7EAA98F91C4F2CA300F52FB2 /* BeaconCheckInViewController.swift in Sources */,
				7EC3272B1C44D914001C89B5 /* Booking.swift in Sources */,
				7E9FBCEC1C5870750023095D /* LoginManageFlightViewController.swift in Sources */,
				7E9438561C564A3E002D6792 /* AddFlightDetailViewController.swift in Sources */,
				7E69310D1BFB195D004F1719 /* SendItineraryViewController.swift in Sources */,
				7EBBFA021C1011CA00080FFA /* RSDFCustomDatePickerView.swift in Sources */,
				7E1F78351BF9D81100F55C46 /* CustomSearchFlightTableViewCell.swift in Sources */,
				7EBBFA061C10132200080FFA /* RSDFCustomDatePickerCollectionView.swift in Sources */,
				7E69311D1BFB2F38004F1719 /* BoardingPassViewController.swift in Sources */,
				7EBBFA091C10134D00080FFA /* RSDFCustomDatePickerCollectionViewLayout.swift in Sources */,
				7E1F78111BF97DA400F55C46 /* CustomHomeMenuTableViewCell.swift in Sources */,
				7E1F77DF1BF96E6C00F55C46 /* ViewController.swift in Sources */,
				7EC3271A1C449CAB001C89B5 /* CoreDataModel.xcdatamodeld in Sources */,
				7E69310F1BFB1BFA004F1719 /* ManageFlightViewController.swift in Sources */,
				7E6931091BFB1173004F1719 /* CustomChangeFlightTableViewCell.swift in Sources */,
				7EA286351C4774E10004AB9A /* CommonContactDetailViewController.swift in Sources */,
				7E6931141BFB1F6B004F1719 /* CheckInViewController.swift in Sources */,
				7E11C0871C47AC9700C67BD2 /* AddPassengerDetailViewController.swift in Sources */,
				7E985A0C1C4DF11900EBAFA5 /* EditSeatSelectionViewController.swift in Sources */,
				7EBCD6A81BFACAF80043F28C /* CustomChooseSeatTableViewCell.swift in Sources */,
				7EDBE4CF1C5B650500AB494C /* MapViewController.swift in Sources */,
				7E1275921C1691CC0050B7D3 /* FloatLabeledPickerCell.swift in Sources */,
				7E82620A1C3CD09D0071FAAA /* FlightSummaryViewController.swift in Sources */,
				7EBBFA101C101BC200080FFA /* RSDFDatePickerViewController.swift in Sources */,
				7E985A0A1C4DEDDC00EBAFA5 /* AddSeatSelectionViewController.swift in Sources */,
				7EBBFA0D1C1013B600080FFA /* RSDFCustomDatePickerDayCell.swift in Sources */,
				7E1F78331BF9D7A200F55C46 /* SearchFlightViewController.swift in Sources */,
				7E367BF91C4397AF00897D7D /* ManageFlightHomeViewController.swift in Sources */,
				7E99B8601C2A6B1400239322 /* PaymentSummaryViewController.swift in Sources */,
				7E9FBCEA1C5870140023095D /* CustomLoginManageFlightTableViewCell.swift in Sources */,
				7E55ADCB1BFDC6D9002FAA84 /* WSDLNetworkManager.swift in Sources */,
				7E985A081C4DEAAE00EBAFA5 /* CommonSeatSelectionViewController.swift in Sources */,
				7EC1DBD21C158A9E00677D55 /* FloatLabeledTextFieldCell.swift in Sources */,
				9615B07C1C1137DD000B522F /* FireflyAPI.swift in Sources */,
				7E985A121C4E3B7600EBAFA5 /* EditPaymentViewController.swift in Sources */,
				7E11C0851C47AA2D00C67BD2 /* CommonPassengerDetailViewController.swift in Sources */,
				7E6931011BFB02A6004F1719 /* CustomManageFlightMenuTableViewCell.swift in Sources */,
				7EB07B001C28F8440061D1C9 /* DirectionView.swift in Sources */,
				7E7E45C01BFC3F57002EB3E0 /* BaseXLFormViewController.swift in Sources */,
				7ECB1B361C437E120042456D /* BeaconManager.swift in Sources */,
				7E290E851BFEB3D8004E50F3 /* Constant.swift in Sources */,
				7E1F77DD1BF96E6C00F55C46 /* AppDelegate.swift in Sources */,
				615690061C0EE47700E7E341 /* CustomPasswordExpiredlTableViewCell.swift in Sources */,
				7E6931221BFB32FE004F1719 /* SideMenuTableViewCell.swift in Sources */,
				7E99B8621C2A6C2800239322 /* CustomPaymentSummaryTableViewCell.swift in Sources */,
				7EC1DBCF1C15616C00677D55 /* PassengerHeaderView.swift in Sources */,
				7E1275961C1695910050B7D3 /* FloateLabeledDatePickerCell.swift in Sources */,
				7ECB1B331C437BCE0042456D /* InitialLoadManager.swift in Sources */,
				7E9438581C564E3F002D6792 /* EditSearchFlightViewController.swift in Sources */,
				7E11C0891C47AEE300C67BD2 /* EditPassengerDetailViewController.swift in Sources */,
				7E1F782A1BF9CD2800F55C46 /* RegisterPersonalInfoViewController.swift in Sources */,
				7E1F780C1BF9799900F55C46 /* HomeViewController.swift in Sources */,
			);
			runOnlyForDeploymentPostprocessing = 0;
		};
		7E1F77E91BF96E6C00F55C46 /* Sources */ = {
			isa = PBXSourcesBuildPhase;
			buildActionMask = 2147483647;
			files = (
				7E1F77F21BF96E6C00F55C46 /* FireflyMobileAppTests.swift in Sources */,
			);
			runOnlyForDeploymentPostprocessing = 0;
		};
		7E1F77F41BF96E6C00F55C46 /* Sources */ = {
			isa = PBXSourcesBuildPhase;
			buildActionMask = 2147483647;
			files = (
				7E1F77FD1BF96E6C00F55C46 /* FireflyMobileAppUITests.swift in Sources */,
			);
			runOnlyForDeploymentPostprocessing = 0;
		};
/* End PBXSourcesBuildPhase section */

/* Begin PBXTargetDependency section */
		7E1F77EF1BF96E6C00F55C46 /* PBXTargetDependency */ = {
			isa = PBXTargetDependency;
			target = 7E1F77D81BF96E6C00F55C46 /* FireflyMobileApp */;
			targetProxy = 7E1F77EE1BF96E6C00F55C46 /* PBXContainerItemProxy */;
		};
		7E1F77FA1BF96E6C00F55C46 /* PBXTargetDependency */ = {
			isa = PBXTargetDependency;
			target = 7E1F77D81BF96E6C00F55C46 /* FireflyMobileApp */;
			targetProxy = 7E1F77F91BF96E6C00F55C46 /* PBXContainerItemProxy */;
		};
/* End PBXTargetDependency section */

/* Begin PBXVariantGroup section */
		7E1F77E01BF96E6C00F55C46 /* Main.storyboard */ = {
			isa = PBXVariantGroup;
			children = (
				7E1F77E11BF96E6C00F55C46 /* Base */,
			);
			name = Main.storyboard;
			sourceTree = "<group>";
		};
		7E1F77E51BF96E6C00F55C46 /* LaunchScreen.storyboard */ = {
			isa = PBXVariantGroup;
			children = (
				7E1F77E61BF96E6C00F55C46 /* Base */,
			);
			name = LaunchScreen.storyboard;
			sourceTree = "<group>";
		};
/* End PBXVariantGroup section */

/* Begin XCBuildConfiguration section */
		7E1F77FF1BF96E6C00F55C46 /* Debug */ = {
			isa = XCBuildConfiguration;
			buildSettings = {
				ALWAYS_SEARCH_USER_PATHS = NO;
				CLANG_CXX_LANGUAGE_STANDARD = "gnu++0x";
				CLANG_CXX_LIBRARY = "libc++";
				CLANG_ENABLE_MODULES = YES;
				CLANG_ENABLE_OBJC_ARC = YES;
				CLANG_WARN_BOOL_CONVERSION = YES;
				CLANG_WARN_CONSTANT_CONVERSION = YES;
				CLANG_WARN_DIRECT_OBJC_ISA_USAGE = YES_ERROR;
				CLANG_WARN_EMPTY_BODY = YES;
				CLANG_WARN_ENUM_CONVERSION = YES;
				CLANG_WARN_INT_CONVERSION = YES;
				CLANG_WARN_OBJC_ROOT_CLASS = YES_ERROR;
				CLANG_WARN_UNREACHABLE_CODE = YES;
				CLANG_WARN__DUPLICATE_METHOD_MATCH = YES;
				CODE_SIGN_IDENTITY = "iPhone Developer: Nazri Hussein (X2BJKVNYHB)";
				"CODE_SIGN_IDENTITY[sdk=iphoneos*]" = "iPhone Developer: Nazri Hussein (X2BJKVNYHB)";
				COPY_PHASE_STRIP = NO;
				DEBUG_INFORMATION_FORMAT = dwarf;
				ENABLE_STRICT_OBJC_MSGSEND = YES;
				ENABLE_TESTABILITY = YES;
				GCC_C_LANGUAGE_STANDARD = gnu99;
				GCC_DYNAMIC_NO_PIC = NO;
				GCC_NO_COMMON_BLOCKS = YES;
				GCC_OPTIMIZATION_LEVEL = 0;
				GCC_PREPROCESSOR_DEFINITIONS = (
					"DEBUG=1",
					"$(inherited)",
				);
				GCC_WARN_64_TO_32_BIT_CONVERSION = YES;
				GCC_WARN_ABOUT_RETURN_TYPE = YES_ERROR;
				GCC_WARN_UNDECLARED_SELECTOR = YES;
				GCC_WARN_UNINITIALIZED_AUTOS = YES_AGGRESSIVE;
				GCC_WARN_UNUSED_FUNCTION = YES;
				GCC_WARN_UNUSED_VARIABLE = YES;
				IPHONEOS_DEPLOYMENT_TARGET = 8.0;
				MTL_ENABLE_DEBUG_INFO = YES;
				ONLY_ACTIVE_ARCH = YES;
				PROVISIONING_PROFILE = "1e7980f9-918e-48ca-9537-e3d958e23e5b";
				SDKROOT = iphoneos;
				SWIFT_OBJC_BRIDGING_HEADER = "/Users/zulmzmz/Desktop/FireflyMobileApp/FireflyMobileApp/FireflyMobileApp-Bridging-Header.h";
				SWIFT_OPTIMIZATION_LEVEL = "-Onone";
			};
			name = Debug;
		};
		7E1F78001BF96E6C00F55C46 /* Release */ = {
			isa = XCBuildConfiguration;
			buildSettings = {
				ALWAYS_SEARCH_USER_PATHS = NO;
				CLANG_CXX_LANGUAGE_STANDARD = "gnu++0x";
				CLANG_CXX_LIBRARY = "libc++";
				CLANG_ENABLE_MODULES = YES;
				CLANG_ENABLE_OBJC_ARC = YES;
				CLANG_WARN_BOOL_CONVERSION = YES;
				CLANG_WARN_CONSTANT_CONVERSION = YES;
				CLANG_WARN_DIRECT_OBJC_ISA_USAGE = YES_ERROR;
				CLANG_WARN_EMPTY_BODY = YES;
				CLANG_WARN_ENUM_CONVERSION = YES;
				CLANG_WARN_INT_CONVERSION = YES;
				CLANG_WARN_OBJC_ROOT_CLASS = YES_ERROR;
				CLANG_WARN_UNREACHABLE_CODE = YES;
				CLANG_WARN__DUPLICATE_METHOD_MATCH = YES;
				CODE_SIGN_IDENTITY = "iPhone Distribution: ME-Tech Solution Sdn Bhd (6S847MQDY3)";
				"CODE_SIGN_IDENTITY[sdk=iphoneos*]" = "iPhone Distribution: ME-Tech Solution Sdn Bhd (6S847MQDY3)";
				COPY_PHASE_STRIP = NO;
				DEBUG_INFORMATION_FORMAT = "dwarf-with-dsym";
				ENABLE_NS_ASSERTIONS = NO;
				ENABLE_STRICT_OBJC_MSGSEND = YES;
				GCC_C_LANGUAGE_STANDARD = gnu99;
				GCC_NO_COMMON_BLOCKS = YES;
				GCC_WARN_64_TO_32_BIT_CONVERSION = YES;
				GCC_WARN_ABOUT_RETURN_TYPE = YES_ERROR;
				GCC_WARN_UNDECLARED_SELECTOR = YES;
				GCC_WARN_UNINITIALIZED_AUTOS = YES_AGGRESSIVE;
				GCC_WARN_UNUSED_FUNCTION = YES;
				GCC_WARN_UNUSED_VARIABLE = YES;
				IPHONEOS_DEPLOYMENT_TARGET = 8.0;
				MTL_ENABLE_DEBUG_INFO = NO;
				PROVISIONING_PROFILE = "f05282c4-b0e7-4a4c-8af1-bf77647a08d0";
				SDKROOT = iphoneos;
				SWIFT_OBJC_BRIDGING_HEADER = "/Users/zulmzmz/Desktop/FireflyMobileApp/FireflyMobileApp/FireflyMobileApp-Bridging-Header.h";
				VALIDATE_PRODUCT = YES;
			};
			name = Release;
		};
		7E1F78021BF96E6C00F55C46 /* Debug */ = {
			isa = XCBuildConfiguration;
			baseConfigurationReference = 0F9AC93C947F773EF563C73C /* Pods-FireflyMobileApp.debug.xcconfig */;
			buildSettings = {
				ASSETCATALOG_COMPILER_APPICON_NAME = AppIcon;
				CLANG_ENABLE_MODULES = YES;
				CODE_SIGN_IDENTITY = "iPhone Developer";
				"CODE_SIGN_IDENTITY[sdk=iphoneos*]" = "iPhone Developer";
				FRAMEWORK_SEARCH_PATHS = (
					"$(inherited)",
					"$(PROJECT_DIR)",
				);
				INFOPLIST_FILE = FireflyMobileApp/Info.plist;
				LD_RUNPATH_SEARCH_PATHS = "$(inherited) @executable_path/Frameworks";
				PRODUCT_BUNDLE_IDENTIFIER = "com.me-tech.my.FireflyMobileApp";
				PRODUCT_NAME = "$(TARGET_NAME)";
				PROVISIONING_PROFILE = "";
				SWIFT_OBJC_BRIDGING_HEADER = "FireflyMobileApp/ObjC-Header.h";
				SWIFT_OPTIMIZATION_LEVEL = "-Onone";
			};
			name = Debug;
		};
		7E1F78031BF96E6C00F55C46 /* Release */ = {
			isa = XCBuildConfiguration;
			baseConfigurationReference = 86B59F03D2AABF55D7291F46 /* Pods-FireflyMobileApp.release.xcconfig */;
			buildSettings = {
				ASSETCATALOG_COMPILER_APPICON_NAME = AppIcon;
				CLANG_ENABLE_MODULES = YES;
				CODE_SIGN_IDENTITY = "iPhone Distribution";
				"CODE_SIGN_IDENTITY[sdk=iphoneos*]" = "iPhone Distribution";
				FRAMEWORK_SEARCH_PATHS = (
					"$(inherited)",
					"$(PROJECT_DIR)",
				);
				INFOPLIST_FILE = FireflyMobileApp/Info.plist;
				LD_RUNPATH_SEARCH_PATHS = "$(inherited) @executable_path/Frameworks";
				PRODUCT_BUNDLE_IDENTIFIER = "com.me-tech.my.FireflyMobileApp";
				PRODUCT_NAME = "$(TARGET_NAME)";
				PROVISIONING_PROFILE = "";
				SWIFT_OBJC_BRIDGING_HEADER = "FireflyMobileApp/ObjC-Header.h";
			};
			name = Release;
		};
		7E1F78051BF96E6C00F55C46 /* Debug */ = {
			isa = XCBuildConfiguration;
			buildSettings = {
				BUNDLE_LOADER = "$(TEST_HOST)";
				INFOPLIST_FILE = FireflyMobileAppTests/Info.plist;
				LD_RUNPATH_SEARCH_PATHS = "$(inherited) @executable_path/Frameworks @loader_path/Frameworks";
				PRODUCT_BUNDLE_IDENTIFIER = "com.me-tech.my.FireflyMobileAppTests";
				PRODUCT_NAME = "$(TARGET_NAME)";
				TEST_HOST = "$(BUILT_PRODUCTS_DIR)/FireflyMobileApp.app/FireflyMobileApp";
			};
			name = Debug;
		};
		7E1F78061BF96E6C00F55C46 /* Release */ = {
			isa = XCBuildConfiguration;
			buildSettings = {
				BUNDLE_LOADER = "$(TEST_HOST)";
				INFOPLIST_FILE = FireflyMobileAppTests/Info.plist;
				LD_RUNPATH_SEARCH_PATHS = "$(inherited) @executable_path/Frameworks @loader_path/Frameworks";
				PRODUCT_BUNDLE_IDENTIFIER = "com.me-tech.my.FireflyMobileAppTests";
				PRODUCT_NAME = "$(TARGET_NAME)";
				TEST_HOST = "$(BUILT_PRODUCTS_DIR)/FireflyMobileApp.app/FireflyMobileApp";
			};
			name = Release;
		};
		7E1F78081BF96E6C00F55C46 /* Debug */ = {
			isa = XCBuildConfiguration;
			buildSettings = {
				INFOPLIST_FILE = FireflyMobileAppUITests/Info.plist;
				LD_RUNPATH_SEARCH_PATHS = "$(inherited) @executable_path/Frameworks @loader_path/Frameworks";
				PRODUCT_BUNDLE_IDENTIFIER = "com.me-tech.my.FireflyMobileAppUITests";
				PRODUCT_NAME = "$(TARGET_NAME)";
				TEST_TARGET_NAME = FireflyMobileApp;
				USES_XCTRUNNER = YES;
			};
			name = Debug;
		};
		7E1F78091BF96E6C00F55C46 /* Release */ = {
			isa = XCBuildConfiguration;
			buildSettings = {
				INFOPLIST_FILE = FireflyMobileAppUITests/Info.plist;
				LD_RUNPATH_SEARCH_PATHS = "$(inherited) @executable_path/Frameworks @loader_path/Frameworks";
				PRODUCT_BUNDLE_IDENTIFIER = "com.me-tech.my.FireflyMobileAppUITests";
				PRODUCT_NAME = "$(TARGET_NAME)";
				TEST_TARGET_NAME = FireflyMobileApp;
				USES_XCTRUNNER = YES;
			};
			name = Release;
		};
/* End XCBuildConfiguration section */

/* Begin XCConfigurationList section */
		7E1F77D41BF96E6C00F55C46 /* Build configuration list for PBXProject "FireflyMobileApp" */ = {
			isa = XCConfigurationList;
			buildConfigurations = (
				7E1F77FF1BF96E6C00F55C46 /* Debug */,
				7E1F78001BF96E6C00F55C46 /* Release */,
			);
			defaultConfigurationIsVisible = 0;
			defaultConfigurationName = Release;
		};
		7E1F78011BF96E6C00F55C46 /* Build configuration list for PBXNativeTarget "FireflyMobileApp" */ = {
			isa = XCConfigurationList;
			buildConfigurations = (
				7E1F78021BF96E6C00F55C46 /* Debug */,
				7E1F78031BF96E6C00F55C46 /* Release */,
			);
			defaultConfigurationIsVisible = 0;
			defaultConfigurationName = Release;
		};
		7E1F78041BF96E6C00F55C46 /* Build configuration list for PBXNativeTarget "FireflyMobileAppTests" */ = {
			isa = XCConfigurationList;
			buildConfigurations = (
				7E1F78051BF96E6C00F55C46 /* Debug */,
				7E1F78061BF96E6C00F55C46 /* Release */,
			);
			defaultConfigurationIsVisible = 0;
			defaultConfigurationName = Release;
		};
		7E1F78071BF96E6C00F55C46 /* Build configuration list for PBXNativeTarget "FireflyMobileAppUITests" */ = {
			isa = XCConfigurationList;
			buildConfigurations = (
				7E1F78081BF96E6C00F55C46 /* Debug */,
				7E1F78091BF96E6C00F55C46 /* Release */,
			);
			defaultConfigurationIsVisible = 0;
			defaultConfigurationName = Release;
		};
/* End XCConfigurationList section */

/* Begin XCVersionGroup section */
		7EC327181C449CAB001C89B5 /* CoreDataModel.xcdatamodeld */ = {
			isa = XCVersionGroup;
			children = (
				7EC327191C449CAB001C89B5 /* CoreDataModel.xcdatamodel */,
			);
			currentVersion = 7EC327191C449CAB001C89B5 /* CoreDataModel.xcdatamodel */;
			path = CoreDataModel.xcdatamodeld;
			sourceTree = "<group>";
			versionGroupType = wrapper.xcdatamodel;
		};
/* End XCVersionGroup section */
	};
	rootObject = 7E1F77D11BF96E6C00F55C46 /* Project object */;
}
